// !$*UTF8*$!
{
	archiveVersion = 1;
	classes = {
	};
	objectVersion = 56;
	objects = {

/* Begin PBXBuildFile section */
		2806474A28E86AFF000DED5B /* UIButton+.swift in Sources */ = {isa = PBXBuildFile; fileRef = 2806474928E86AFF000DED5B /* UIButton+.swift */; };
		28379E8228F718A400B2D4DD /* LoginVC.swift in Sources */ = {isa = PBXBuildFile; fileRef = 28379E7F28F718A400B2D4DD /* LoginVC.swift */; };
		28379E8328F718A400B2D4DD /* LoginBottomSheetVC.swift in Sources */ = {isa = PBXBuildFile; fileRef = 28379E8028F718A400B2D4DD /* LoginBottomSheetVC.swift */; };
		28379E8428F718A400B2D4DD /* LoginBottomSheetViewModel.swift in Sources */ = {isa = PBXBuildFile; fileRef = 28379E8128F718A400B2D4DD /* LoginBottomSheetViewModel.swift */; };
		28379E8628F718DE00B2D4DD /* Pretendard+.swift in Sources */ = {isa = PBXBuildFile; fileRef = 28379E8528F718DE00B2D4DD /* Pretendard+.swift */; };
		28379E8828F846C300B2D4DD /* LoginViewModel.swift in Sources */ = {isa = PBXBuildFile; fileRef = 28379E8728F846C300B2D4DD /* LoginViewModel.swift */; };
		28379E8A28F8550400B2D4DD /* TermsVC.swift in Sources */ = {isa = PBXBuildFile; fileRef = 28379E8928F8550400B2D4DD /* TermsVC.swift */; };
		2841347928D9D93700A758F2 /* UIApplication+.swift in Sources */ = {isa = PBXBuildFile; fileRef = 2841347828D9D93700A758F2 /* UIApplication+.swift */; };
		2841347D28D9DA0F00A758F2 /* UIWindow+.swift in Sources */ = {isa = PBXBuildFile; fileRef = 2841347C28D9DA0F00A758F2 /* UIWindow+.swift */; };
		288BFD6728FAF86F00A85F13 /* EmailSignUpVC.swift in Sources */ = {isa = PBXBuildFile; fileRef = 288BFD6628FAF86F00A85F13 /* EmailSignUpVC.swift */; };
		288BFD6D28FBAEAA00A85F13 /* EmailSignUpViewModel.swift in Sources */ = {isa = PBXBuildFile; fileRef = 288BFD6C28FBAEAA00A85F13 /* EmailSignUpViewModel.swift */; };
		288BFD6F28FBC17500A85F13 /* TermsViewModel.swift in Sources */ = {isa = PBXBuildFile; fileRef = 288BFD6E28FBC17500A85F13 /* TermsViewModel.swift */; };
		288BFD7128FBC9C900A85F13 /* EmailSignUpTextFieldView.swift in Sources */ = {isa = PBXBuildFile; fileRef = 288BFD7028FBC9C900A85F13 /* EmailSignUpTextFieldView.swift */; };
		288BFD7328FBE79C00A85F13 /* AuthAPI.swift in Sources */ = {isa = PBXBuildFile; fileRef = 288BFD7228FBE79C00A85F13 /* AuthAPI.swift */; };
		288BFD7728FC43A400A85F13 /* SimpleSignUpRequest.swift in Sources */ = {isa = PBXBuildFile; fileRef = 288BFD7628FC43A400A85F13 /* SimpleSignUpRequest.swift */; };
		289C11AE29017C0000AECF52 /* TermsView.swift in Sources */ = {isa = PBXBuildFile; fileRef = 289C11AD29017C0000AECF52 /* TermsView.swift */; };
		28F20CFA28E93BA600CEE89D /* UITextField+.swift in Sources */ = {isa = PBXBuildFile; fileRef = 28F20CF928E93BA600CEE89D /* UITextField+.swift */; };
		E9008D432911584100F70B6B /* ReportRequest.swift in Sources */ = {isa = PBXBuildFile; fileRef = E9008D422911584100F70B6B /* ReportRequest.swift */; };
		E9160C1628E2FBC4007B1307 /* DataModel.xcdatamodeld in Sources */ = {isa = PBXBuildFile; fileRef = E9160C1428E2FBC4007B1307 /* DataModel.xcdatamodeld */; };
		E9160C1828E30A60007B1307 /* DataManager.swift in Sources */ = {isa = PBXBuildFile; fileRef = E9160C1728E30A60007B1307 /* DataManager.swift */; };
		E9160C1A28E3145E007B1307 /* NewSetting.swift in Sources */ = {isa = PBXBuildFile; fileRef = E9160C1928E3145E007B1307 /* NewSetting.swift */; };
		E9160C1C28E3177C007B1307 /* HomeViewModel.swift in Sources */ = {isa = PBXBuildFile; fileRef = E9160C1B28E3177C007B1307 /* HomeViewModel.swift */; };
		E927FC7228D34B0600A91F11 /* Kingfisher in Frameworks */ = {isa = PBXBuildFile; productRef = E927FC7128D34B0600A91F11 /* Kingfisher */; };
		E927FC7528D34B3A00A91F11 /* Then in Frameworks */ = {isa = PBXBuildFile; productRef = E927FC7428D34B3A00A91F11 /* Then */; };
		E927FC8828D34FDA00A91F11 /* Colors.xcassets in Resources */ = {isa = PBXBuildFile; fileRef = E927FC8728D34FDA00A91F11 /* Colors.xcassets */; };
		E927FC9828D351E300A91F11 /* Date+.swift in Sources */ = {isa = PBXBuildFile; fileRef = E927FC9728D351E300A91F11 /* Date+.swift */; };
		E927FC9A28D3523300A91F11 /* Formatter+.swift in Sources */ = {isa = PBXBuildFile; fileRef = E927FC9928D3523300A91F11 /* Formatter+.swift */; };
		E927FC9C28D3525700A91F11 /* HomeVC.swift in Sources */ = {isa = PBXBuildFile; fileRef = E927FC9B28D3525700A91F11 /* HomeVC.swift */; };
		E927FCA628D71BDD00A91F11 /* swiftgen.yml in Resources */ = {isa = PBXBuildFile; fileRef = E927FCA528D71BDD00A91F11 /* swiftgen.yml */; };
		E927FCAB28D7217A00A91F11 /* ColorAssets+Generated.swift in Sources */ = {isa = PBXBuildFile; fileRef = E927FCAA28D7217A00A91F11 /* ColorAssets+Generated.swift */; };
		E927FCAD28D7223300A91F11 /* ImageAssets+Generated.swift in Sources */ = {isa = PBXBuildFile; fileRef = E927FCAC28D7223300A91F11 /* ImageAssets+Generated.swift */; };
		E927FCB028D7587300A91F11 /* NMapsMap in Frameworks */ = {isa = PBXBuildFile; productRef = E927FCAF28D7587300A91F11 /* NMapsMap */; };
		E92DA3BD28E95FD10054EFFA /* Toast in Frameworks */ = {isa = PBXBuildFile; productRef = E92DA3BC28E95FD10054EFFA /* Toast */; };
		E92DA3C028E9601A0054EFFA /* Lottie in Frameworks */ = {isa = PBXBuildFile; productRef = E92DA3BF28E9601A0054EFFA /* Lottie */; };
		E9460AE328E9DC7D00932351 /* TMapSDK.framework in Frameworks */ = {isa = PBXBuildFile; fileRef = E9460ADF28E9DC7100932351 /* TMapSDK.framework */; };
		E9460AE428E9DC7E00932351 /* TMapSDK.framework in Embed Frameworks */ = {isa = PBXBuildFile; fileRef = E9460ADF28E9DC7100932351 /* TMapSDK.framework */; settings = {ATTRIBUTES = (CodeSignOnCopy, RemoveHeadersOnCopy, ); }; };
		E9460AEF28E9DDDB00932351 /* Pretendard-Bold.ttf in Resources */ = {isa = PBXBuildFile; fileRef = E9460AE628E9DDDA00932351 /* Pretendard-Bold.ttf */; };
		E9460AF028E9DDDB00932351 /* Pretendard-ExtraLight.ttf in Resources */ = {isa = PBXBuildFile; fileRef = E9460AE728E9DDDA00932351 /* Pretendard-ExtraLight.ttf */; };
		E9460AF128E9DDDB00932351 /* Pretendard-ExtraBold.ttf in Resources */ = {isa = PBXBuildFile; fileRef = E9460AE828E9DDDA00932351 /* Pretendard-ExtraBold.ttf */; };
		E9460AF228E9DDDB00932351 /* Pretendard-Regular.ttf in Resources */ = {isa = PBXBuildFile; fileRef = E9460AE928E9DDDA00932351 /* Pretendard-Regular.ttf */; };
		E9460AF328E9DDDB00932351 /* Pretendard-Black.ttf in Resources */ = {isa = PBXBuildFile; fileRef = E9460AEA28E9DDDA00932351 /* Pretendard-Black.ttf */; };
		E9460AF428E9DDDB00932351 /* Pretendard-Medium.ttf in Resources */ = {isa = PBXBuildFile; fileRef = E9460AEB28E9DDDB00932351 /* Pretendard-Medium.ttf */; };
		E9460AF528E9DDDB00932351 /* Pretendard-Thin.ttf in Resources */ = {isa = PBXBuildFile; fileRef = E9460AEC28E9DDDB00932351 /* Pretendard-Thin.ttf */; };
		E9460AF628E9DDDB00932351 /* Pretendard-Light.ttf in Resources */ = {isa = PBXBuildFile; fileRef = E9460AED28E9DDDB00932351 /* Pretendard-Light.ttf */; };
		E9460AF728E9DDDB00932351 /* Pretendard-SemiBold.ttf in Resources */ = {isa = PBXBuildFile; fileRef = E9460AEE28E9DDDB00932351 /* Pretendard-SemiBold.ttf */; };
		E9460AF928E9DE2200932351 /* Fonts+Generated.swift in Sources */ = {isa = PBXBuildFile; fileRef = E9460AF828E9DE2200932351 /* Fonts+Generated.swift */; };
		E9460AFC28E9E3E900932351 /* HomeHeaderView.swift in Sources */ = {isa = PBXBuildFile; fileRef = E9460AFB28E9E3E900932351 /* HomeHeaderView.swift */; };
		E9460AFE28E9E51D00932351 /* HomeSearchView.swift in Sources */ = {isa = PBXBuildFile; fileRef = E9460AFD28E9E51D00932351 /* HomeSearchView.swift */; };
		E9460B0428EA056E00932351 /* HomeSearchVC.swift in Sources */ = {isa = PBXBuildFile; fileRef = E9460B0328EA056E00932351 /* HomeSearchVC.swift */; };
		E9460B0728EA0BBF00932351 /* ReportVC.swift in Sources */ = {isa = PBXBuildFile; fileRef = E9460B0628EA0BBF00932351 /* ReportVC.swift */; };
		E9460B0928EAADC300932351 /* HomeAddressView.swift in Sources */ = {isa = PBXBuildFile; fileRef = E9460B0828EAADC300932351 /* HomeAddressView.swift */; };
		E9460B0D28EAC0B100932351 /* CommonNavigationViewController.swift in Sources */ = {isa = PBXBuildFile; fileRef = E9460B0C28EAC0B100932351 /* CommonNavigationViewController.swift */; };
		E9460B0F28EAC69300932351 /* NaverMapMarker.swift in Sources */ = {isa = PBXBuildFile; fileRef = E9460B0E28EAC69300932351 /* NaverMapMarker.swift */; };
		E9460B1228EACA9900932351 /* CollectionBox.swift in Sources */ = {isa = PBXBuildFile; fileRef = E9460B1128EACA9900932351 /* CollectionBox.swift */; };
		E9494A5B28F05CAB005285C0 /* SearchBarVC.swift in Sources */ = {isa = PBXBuildFile; fileRef = E9494A5A28F05CAB005285C0 /* SearchBarVC.swift */; };
		E9494A5F28F060A5005285C0 /* CommonNavigationView.swift in Sources */ = {isa = PBXBuildFile; fileRef = E9494A5E28F060A5005285C0 /* CommonNavigationView.swift */; };
		E9494A6228F067DB005285C0 /* SearchBarViewModel.swift in Sources */ = {isa = PBXBuildFile; fileRef = E9494A6128F067DB005285C0 /* SearchBarViewModel.swift */; };
		E9494A6528F068A4005285C0 /* ResponsePOI.swift in Sources */ = {isa = PBXBuildFile; fileRef = E9494A6428F068A4005285C0 /* ResponsePOI.swift */; };
		E9494A6928F07203005285C0 /* SearchResultCell.swift in Sources */ = {isa = PBXBuildFile; fileRef = E9494A6828F07203005285C0 /* SearchResultCell.swift */; };
		E9494A6B28F072E8005285C0 /* UIReusable+.swift in Sources */ = {isa = PBXBuildFile; fileRef = E9494A6A28F072E8005285C0 /* UIReusable+.swift */; };
		E9494A6D28F1C816005285C0 /* BoxCollectionView.swift in Sources */ = {isa = PBXBuildFile; fileRef = E9494A6C28F1C816005285C0 /* BoxCollectionView.swift */; };
		E9494A6F28F1DF15005285C0 /* UILayer+.swift in Sources */ = {isa = PBXBuildFile; fileRef = E9494A6E28F1DF15005285C0 /* UILayer+.swift */; };
		E95ACEA228F3161400057900 /* CommonTextFieldView.swift in Sources */ = {isa = PBXBuildFile; fileRef = E95ACEA128F3161400057900 /* CommonTextFieldView.swift */; };
		E95ACEA628F332E000057900 /* AgreePhotoView.swift in Sources */ = {isa = PBXBuildFile; fileRef = E95ACEA528F332E000057900 /* AgreePhotoView.swift */; };
		E95ACEA828F33BED00057900 /* ReportViewModel.swift in Sources */ = {isa = PBXBuildFile; fileRef = E95ACEA728F33BED00057900 /* ReportViewModel.swift */; };
		E95ACEAC28F35E2A00057900 /* PhotoCollectionViewCell.swift in Sources */ = {isa = PBXBuildFile; fileRef = E95ACEAB28F35E2A00057900 /* PhotoCollectionViewCell.swift */; };
		E95ACEAE28F35E4200057900 /* AddPhotoCollectionViewCell.swift in Sources */ = {isa = PBXBuildFile; fileRef = E95ACEAD28F35E4200057900 /* AddPhotoCollectionViewCell.swift */; };
		E95FBF6828F70FDF002CA5A9 /* LocationManager.swift in Sources */ = {isa = PBXBuildFile; fileRef = E95FBF6528F70FDF002CA5A9 /* LocationManager.swift */; };
		E95FBF6928F70FDF002CA5A9 /* ImagePickerManager.swift in Sources */ = {isa = PBXBuildFile; fileRef = E95FBF6628F70FDF002CA5A9 /* ImagePickerManager.swift */; };
		E95FBF6A28F70FDF002CA5A9 /* LogUtil.swift in Sources */ = {isa = PBXBuildFile; fileRef = E95FBF6728F70FDF002CA5A9 /* LogUtil.swift */; };
		E95FBF6C28FC1644002CA5A9 /* Pretendard+.swift in Sources */ = {isa = PBXBuildFile; fileRef = E95FBF6B28FC1644002CA5A9 /* Pretendard+.swift */; };
		E96BC92028EB2988002EBA7E /* SearchMapVC.swift in Sources */ = {isa = PBXBuildFile; fileRef = E96BC91F28EB2988002EBA7E /* SearchMapVC.swift */; };
		E96BC92328EB2D66002EBA7E /* BottomAddressView.swift in Sources */ = {isa = PBXBuildFile; fileRef = E96BC92228EB2D66002EBA7E /* BottomAddressView.swift */; };
		E96BC92528EB2E7E002EBA7E /* SearchMapViewModel.swift in Sources */ = {isa = PBXBuildFile; fileRef = E96BC92428EB2E7E002EBA7E /* SearchMapViewModel.swift */; };
		E975ED0928D34A050013E94F /* AppDelegate.swift in Sources */ = {isa = PBXBuildFile; fileRef = E975ED0828D34A050013E94F /* AppDelegate.swift */; };
		E975ED0B28D34A050013E94F /* SceneDelegate.swift in Sources */ = {isa = PBXBuildFile; fileRef = E975ED0A28D34A050013E94F /* SceneDelegate.swift */; };
		E975ED1228D34A060013E94F /* Images.xcassets in Resources */ = {isa = PBXBuildFile; fileRef = E975ED1128D34A060013E94F /* Images.xcassets */; };
		E975ED1528D34A060013E94F /* LaunchScreen.storyboard in Resources */ = {isa = PBXBuildFile; fileRef = E975ED1328D34A060013E94F /* LaunchScreen.storyboard */; };
		E98A04EB28F4185B009F055B /* NSMutableAttributedString+.swift in Sources */ = {isa = PBXBuildFile; fileRef = E98A04EA28F4185B009F055B /* NSMutableAttributedString+.swift */; };
		E98A04EE28F435B7009F055B /* ReportCompletedVC.swift in Sources */ = {isa = PBXBuildFile; fileRef = E98A04ED28F435B7009F055B /* ReportCompletedVC.swift */; };
		E99929AD28D87A06006FCFC7 /* GoogleService-Info.plist in Resources */ = {isa = PBXBuildFile; fileRef = E99929AC28D87A06006FCFC7 /* GoogleService-Info.plist */; };
		E99929AF28D88182006FCFC7 /* MainTabbarController.swift in Sources */ = {isa = PBXBuildFile; fileRef = E99929AE28D88182006FCFC7 /* MainTabbarController.swift */; };
		E99929B428D882AD006FCFC7 /* TradeVC.swift in Sources */ = {isa = PBXBuildFile; fileRef = E99929B328D882AD006FCFC7 /* TradeVC.swift */; };
		E99929B628D882B5006FCFC7 /* NoticeVC.swift in Sources */ = {isa = PBXBuildFile; fileRef = E99929B528D882B5006FCFC7 /* NoticeVC.swift */; };
		E99929B828D882BF006FCFC7 /* MyPageVC.swift in Sources */ = {isa = PBXBuildFile; fileRef = E99929B728D882BF006FCFC7 /* MyPageVC.swift */; };
		E99929BA28D88F9B006FCFC7 /* DBVersionData.swift in Sources */ = {isa = PBXBuildFile; fileRef = E99929B928D88F9B006FCFC7 /* DBVersionData.swift */; };
		E99AC31228E88AA800AF1F84 /* ClothesAPI.swift in Sources */ = {isa = PBXBuildFile; fileRef = E99AC31128E88AA800AF1F84 /* ClothesAPI.swift */; };
		E9B074F5291639B300C8D9D2 /* ChoiceView.swift in Sources */ = {isa = PBXBuildFile; fileRef = E9B074F4291639B300C8D9D2 /* ChoiceView.swift */; };
		E9BF49AD28D9F45F007BBC3D /* UIView+.swift in Sources */ = {isa = PBXBuildFile; fileRef = E9BF49AC28D9F45F007BBC3D /* UIView+.swift */; };
		E9BFC3F728E88DCB00951604 /* KakaoSDKAuth in Frameworks */ = {isa = PBXBuildFile; productRef = E9BFC3F628E88DCB00951604 /* KakaoSDKAuth */; };
		E9BFC3F928E88DCB00951604 /* KakaoSDKUser in Frameworks */ = {isa = PBXBuildFile; productRef = E9BFC3F828E88DCB00951604 /* KakaoSDKUser */; };
		E9BFC3FC28E88DF800951604 /* CombineMoya in Frameworks */ = {isa = PBXBuildFile; productRef = E9BFC3FB28E88DF800951604 /* CombineMoya */; };
		E9BFC3FE28E88DF800951604 /* Moya in Frameworks */ = {isa = PBXBuildFile; productRef = E9BFC3FD28E88DF800951604 /* Moya */; };
		E9BFC40228E890A500951604 /* ApiResponse.swift in Sources */ = {isa = PBXBuildFile; fileRef = E9BFC40128E890A500951604 /* ApiResponse.swift */; };
		E9DFC5EB28DA0E010074D32C /* CombineCocoa in Frameworks */ = {isa = PBXBuildFile; productRef = E9DFC5EA28DA0E010074D32C /* CombineCocoa */; };
		E9EA25F728D8243C0078A069 /* SnapKit in Frameworks */ = {isa = PBXBuildFile; productRef = E9EA25F628D8243C0078A069 /* SnapKit */; };
		E9EA25FE28D838880078A069 /* FirebaseAnalytics in Frameworks */ = {isa = PBXBuildFile; productRef = E9EA25FD28D838880078A069 /* FirebaseAnalytics */; };
		E9EA260028D838880078A069 /* FirebaseAuth in Frameworks */ = {isa = PBXBuildFile; productRef = E9EA25FF28D838880078A069 /* FirebaseAuth */; };
		E9EA260228D838880078A069 /* FirebaseDatabase in Frameworks */ = {isa = PBXBuildFile; productRef = E9EA260128D838880078A069 /* FirebaseDatabase */; };
		E9EA260428D838880078A069 /* FirebaseMessaging in Frameworks */ = {isa = PBXBuildFile; productRef = E9EA260328D838880078A069 /* FirebaseMessaging */; };
		E9EA260628D838880078A069 /* FirebaseStorage in Frameworks */ = {isa = PBXBuildFile; productRef = E9EA260528D838880078A069 /* FirebaseStorage */; };
		E9EEA48D29168F500073001F /* CategoryCollectionViewCell.swift in Sources */ = {isa = PBXBuildFile; fileRef = E9EEA48C29168F500073001F /* CategoryCollectionViewCell.swift */; };
		E9EEA48F2916955E0073001F /* FilterView.swift in Sources */ = {isa = PBXBuildFile; fileRef = E9EEA48E2916955E0073001F /* FilterView.swift */; };
		E9EEA49129169C840073001F /* CategoryResponse.swift in Sources */ = {isa = PBXBuildFile; fileRef = E9EEA49029169C840073001F /* CategoryResponse.swift */; };
		E9EEA4932916A2610073001F /* UILabel+.swift in Sources */ = {isa = PBXBuildFile; fileRef = E9EEA4922916A2610073001F /* UILabel+.swift */; };
		E9EFE7BD290AD7B000EA514B /* CardDataModel.swift in Sources */ = {isa = PBXBuildFile; fileRef = E9EFE7BB290AD7AF00EA514B /* CardDataModel.swift */; };
		E9EFE7BE290AD7B000EA514B /* SwipeCardsDataSource.swift in Sources */ = {isa = PBXBuildFile; fileRef = E9EFE7BC290AD7AF00EA514B /* SwipeCardsDataSource.swift */; };
		E9EFE7C2290AD7B700EA514B /* StackContainerView.swift in Sources */ = {isa = PBXBuildFile; fileRef = E9EFE7C0290AD7B700EA514B /* StackContainerView.swift */; };
		E9EFE7C3290AD7B700EA514B /* SwipeCardView.swift in Sources */ = {isa = PBXBuildFile; fileRef = E9EFE7C1290AD7B700EA514B /* SwipeCardView.swift */; };
		E9EFE7C5290AD7E200EA514B /* TradeViewModel.swift in Sources */ = {isa = PBXBuildFile; fileRef = E9EFE7C4290AD7E200EA514B /* TradeViewModel.swift */; };
		E9EFE7C7290AD89B00EA514B /* ClothingResponse.swift in Sources */ = {isa = PBXBuildFile; fileRef = E9EFE7C6290AD89B00EA514B /* ClothingResponse.swift */; };
/* End PBXBuildFile section */

/* Begin PBXCopyFilesBuildPhase section */
		E9460AE528E9DC7E00932351 /* Embed Frameworks */ = {
			isa = PBXCopyFilesBuildPhase;
			buildActionMask = 2147483647;
			dstPath = "";
			dstSubfolderSpec = 10;
			files = (
				E9460AE428E9DC7E00932351 /* TMapSDK.framework in Embed Frameworks */,
			);
			name = "Embed Frameworks";
			runOnlyForDeploymentPostprocessing = 0;
		};
/* End PBXCopyFilesBuildPhase section */

/* Begin PBXFileReference section */
		2806474928E86AFF000DED5B /* UIButton+.swift */ = {isa = PBXFileReference; lastKnownFileType = sourcecode.swift; path = "UIButton+.swift"; sourceTree = "<group>"; };
		28379E7F28F718A400B2D4DD /* LoginVC.swift */ = {isa = PBXFileReference; fileEncoding = 4; lastKnownFileType = sourcecode.swift; path = LoginVC.swift; sourceTree = "<group>"; };
		28379E8028F718A400B2D4DD /* LoginBottomSheetVC.swift */ = {isa = PBXFileReference; fileEncoding = 4; lastKnownFileType = sourcecode.swift; path = LoginBottomSheetVC.swift; sourceTree = "<group>"; };
		28379E8128F718A400B2D4DD /* LoginBottomSheetViewModel.swift */ = {isa = PBXFileReference; fileEncoding = 4; lastKnownFileType = sourcecode.swift; path = LoginBottomSheetViewModel.swift; sourceTree = "<group>"; };
		28379E8528F718DE00B2D4DD /* Pretendard+.swift */ = {isa = PBXFileReference; fileEncoding = 4; lastKnownFileType = sourcecode.swift; path = "Pretendard+.swift"; sourceTree = "<group>"; };
		28379E8728F846C300B2D4DD /* LoginViewModel.swift */ = {isa = PBXFileReference; lastKnownFileType = sourcecode.swift; path = LoginViewModel.swift; sourceTree = "<group>"; };
		28379E8928F8550400B2D4DD /* TermsVC.swift */ = {isa = PBXFileReference; lastKnownFileType = sourcecode.swift; path = TermsVC.swift; sourceTree = "<group>"; };
		2841347828D9D93700A758F2 /* UIApplication+.swift */ = {isa = PBXFileReference; lastKnownFileType = sourcecode.swift; path = "UIApplication+.swift"; sourceTree = "<group>"; };
		2841347C28D9DA0F00A758F2 /* UIWindow+.swift */ = {isa = PBXFileReference; lastKnownFileType = sourcecode.swift; path = "UIWindow+.swift"; sourceTree = "<group>"; };
		288BFD6628FAF86F00A85F13 /* EmailSignUpVC.swift */ = {isa = PBXFileReference; lastKnownFileType = sourcecode.swift; path = EmailSignUpVC.swift; sourceTree = "<group>"; };
		288BFD6C28FBAEAA00A85F13 /* EmailSignUpViewModel.swift */ = {isa = PBXFileReference; lastKnownFileType = sourcecode.swift; path = EmailSignUpViewModel.swift; sourceTree = "<group>"; };
		288BFD6E28FBC17500A85F13 /* TermsViewModel.swift */ = {isa = PBXFileReference; lastKnownFileType = sourcecode.swift; path = TermsViewModel.swift; sourceTree = "<group>"; };
		288BFD7028FBC9C900A85F13 /* EmailSignUpTextFieldView.swift */ = {isa = PBXFileReference; lastKnownFileType = sourcecode.swift; path = EmailSignUpTextFieldView.swift; sourceTree = "<group>"; };
		288BFD7228FBE79C00A85F13 /* AuthAPI.swift */ = {isa = PBXFileReference; lastKnownFileType = sourcecode.swift; path = AuthAPI.swift; sourceTree = "<group>"; };
		288BFD7628FC43A400A85F13 /* SimpleSignUpRequest.swift */ = {isa = PBXFileReference; lastKnownFileType = sourcecode.swift; path = SimpleSignUpRequest.swift; sourceTree = "<group>"; };
		289C11AD29017C0000AECF52 /* TermsView.swift */ = {isa = PBXFileReference; lastKnownFileType = sourcecode.swift; path = TermsView.swift; sourceTree = "<group>"; };
		28F20CF928E93BA600CEE89D /* UITextField+.swift */ = {isa = PBXFileReference; lastKnownFileType = sourcecode.swift; path = "UITextField+.swift"; sourceTree = "<group>"; };
		E9008D422911584100F70B6B /* ReportRequest.swift */ = {isa = PBXFileReference; lastKnownFileType = sourcecode.swift; path = ReportRequest.swift; sourceTree = "<group>"; };
		E9160C1528E2FBC4007B1307 /* DataModel.xcdatamodel */ = {isa = PBXFileReference; lastKnownFileType = wrapper.xcdatamodel; path = DataModel.xcdatamodel; sourceTree = "<group>"; };
		E9160C1728E30A60007B1307 /* DataManager.swift */ = {isa = PBXFileReference; lastKnownFileType = sourcecode.swift; path = DataManager.swift; sourceTree = "<group>"; };
		E9160C1928E3145E007B1307 /* NewSetting.swift */ = {isa = PBXFileReference; lastKnownFileType = sourcecode.swift; path = NewSetting.swift; sourceTree = "<group>"; };
		E9160C1B28E3177C007B1307 /* HomeViewModel.swift */ = {isa = PBXFileReference; lastKnownFileType = sourcecode.swift; path = HomeViewModel.swift; sourceTree = "<group>"; };
		E927FC8728D34FDA00A91F11 /* Colors.xcassets */ = {isa = PBXFileReference; lastKnownFileType = folder.assetcatalog; path = Colors.xcassets; sourceTree = "<group>"; };
		E927FC9728D351E300A91F11 /* Date+.swift */ = {isa = PBXFileReference; lastKnownFileType = sourcecode.swift; path = "Date+.swift"; sourceTree = "<group>"; };
		E927FC9928D3523300A91F11 /* Formatter+.swift */ = {isa = PBXFileReference; lastKnownFileType = sourcecode.swift; path = "Formatter+.swift"; sourceTree = "<group>"; };
		E927FC9B28D3525700A91F11 /* HomeVC.swift */ = {isa = PBXFileReference; lastKnownFileType = sourcecode.swift; path = HomeVC.swift; sourceTree = "<group>"; };
		E927FCA528D71BDD00A91F11 /* swiftgen.yml */ = {isa = PBXFileReference; fileEncoding = 4; lastKnownFileType = text.yaml; name = swiftgen.yml; path = EightFront/swiftgen.yml; sourceTree = SOURCE_ROOT; };
		E927FCAA28D7217A00A91F11 /* ColorAssets+Generated.swift */ = {isa = PBXFileReference; fileEncoding = 4; lastKnownFileType = sourcecode.swift; path = "ColorAssets+Generated.swift"; sourceTree = "<group>"; };
		E927FCAC28D7223300A91F11 /* ImageAssets+Generated.swift */ = {isa = PBXFileReference; fileEncoding = 4; lastKnownFileType = sourcecode.swift; path = "ImageAssets+Generated.swift"; sourceTree = "<group>"; };
		E92DA3C228E9D7E00054EFFA /* TMapSDK.framework */ = {isa = PBXFileReference; lastKnownFileType = wrapper.framework; path = TMapSDK.framework; sourceTree = "<group>"; };
		E9460ADF28E9DC7100932351 /* TMapSDK.framework */ = {isa = PBXFileReference; lastKnownFileType = wrapper.framework; name = TMapSDK.framework; path = EightFront/TMapSDK.framework; sourceTree = "<group>"; };
		E9460AE628E9DDDA00932351 /* Pretendard-Bold.ttf */ = {isa = PBXFileReference; lastKnownFileType = file; path = "Pretendard-Bold.ttf"; sourceTree = "<group>"; };
		E9460AE728E9DDDA00932351 /* Pretendard-ExtraLight.ttf */ = {isa = PBXFileReference; lastKnownFileType = file; path = "Pretendard-ExtraLight.ttf"; sourceTree = "<group>"; };
		E9460AE828E9DDDA00932351 /* Pretendard-ExtraBold.ttf */ = {isa = PBXFileReference; lastKnownFileType = file; path = "Pretendard-ExtraBold.ttf"; sourceTree = "<group>"; };
		E9460AE928E9DDDA00932351 /* Pretendard-Regular.ttf */ = {isa = PBXFileReference; lastKnownFileType = file; path = "Pretendard-Regular.ttf"; sourceTree = "<group>"; };
		E9460AEA28E9DDDA00932351 /* Pretendard-Black.ttf */ = {isa = PBXFileReference; lastKnownFileType = file; path = "Pretendard-Black.ttf"; sourceTree = "<group>"; };
		E9460AEB28E9DDDB00932351 /* Pretendard-Medium.ttf */ = {isa = PBXFileReference; lastKnownFileType = file; path = "Pretendard-Medium.ttf"; sourceTree = "<group>"; };
		E9460AEC28E9DDDB00932351 /* Pretendard-Thin.ttf */ = {isa = PBXFileReference; lastKnownFileType = file; path = "Pretendard-Thin.ttf"; sourceTree = "<group>"; };
		E9460AED28E9DDDB00932351 /* Pretendard-Light.ttf */ = {isa = PBXFileReference; lastKnownFileType = file; path = "Pretendard-Light.ttf"; sourceTree = "<group>"; };
		E9460AEE28E9DDDB00932351 /* Pretendard-SemiBold.ttf */ = {isa = PBXFileReference; lastKnownFileType = file; path = "Pretendard-SemiBold.ttf"; sourceTree = "<group>"; };
		E9460AF828E9DE2200932351 /* Fonts+Generated.swift */ = {isa = PBXFileReference; lastKnownFileType = sourcecode.swift; path = "Fonts+Generated.swift"; sourceTree = "<group>"; };
		E9460AFB28E9E3E900932351 /* HomeHeaderView.swift */ = {isa = PBXFileReference; lastKnownFileType = sourcecode.swift; path = HomeHeaderView.swift; sourceTree = "<group>"; };
		E9460AFD28E9E51D00932351 /* HomeSearchView.swift */ = {isa = PBXFileReference; lastKnownFileType = sourcecode.swift; path = HomeSearchView.swift; sourceTree = "<group>"; };
		E9460B0328EA056E00932351 /* HomeSearchVC.swift */ = {isa = PBXFileReference; lastKnownFileType = sourcecode.swift; path = HomeSearchVC.swift; sourceTree = "<group>"; };
		E9460B0628EA0BBF00932351 /* ReportVC.swift */ = {isa = PBXFileReference; lastKnownFileType = sourcecode.swift; path = ReportVC.swift; sourceTree = "<group>"; };
		E9460B0828EAADC300932351 /* HomeAddressView.swift */ = {isa = PBXFileReference; lastKnownFileType = sourcecode.swift; path = HomeAddressView.swift; sourceTree = "<group>"; };
		E9460B0C28EAC0B100932351 /* CommonNavigationViewController.swift */ = {isa = PBXFileReference; lastKnownFileType = sourcecode.swift; path = CommonNavigationViewController.swift; sourceTree = "<group>"; };
		E9460B0E28EAC69300932351 /* NaverMapMarker.swift */ = {isa = PBXFileReference; lastKnownFileType = sourcecode.swift; path = NaverMapMarker.swift; sourceTree = "<group>"; };
		E9460B1128EACA9900932351 /* CollectionBox.swift */ = {isa = PBXFileReference; lastKnownFileType = sourcecode.swift; path = CollectionBox.swift; sourceTree = "<group>"; };
		E9494A5A28F05CAB005285C0 /* SearchBarVC.swift */ = {isa = PBXFileReference; lastKnownFileType = sourcecode.swift; path = SearchBarVC.swift; sourceTree = "<group>"; };
		E9494A5E28F060A5005285C0 /* CommonNavigationView.swift */ = {isa = PBXFileReference; lastKnownFileType = sourcecode.swift; path = CommonNavigationView.swift; sourceTree = "<group>"; };
		E9494A6128F067DB005285C0 /* SearchBarViewModel.swift */ = {isa = PBXFileReference; lastKnownFileType = sourcecode.swift; path = SearchBarViewModel.swift; sourceTree = "<group>"; };
		E9494A6428F068A4005285C0 /* ResponsePOI.swift */ = {isa = PBXFileReference; lastKnownFileType = sourcecode.swift; path = ResponsePOI.swift; sourceTree = "<group>"; };
		E9494A6828F07203005285C0 /* SearchResultCell.swift */ = {isa = PBXFileReference; lastKnownFileType = sourcecode.swift; path = SearchResultCell.swift; sourceTree = "<group>"; };
		E9494A6A28F072E8005285C0 /* UIReusable+.swift */ = {isa = PBXFileReference; lastKnownFileType = sourcecode.swift; path = "UIReusable+.swift"; sourceTree = "<group>"; };
		E9494A6C28F1C816005285C0 /* BoxCollectionView.swift */ = {isa = PBXFileReference; lastKnownFileType = sourcecode.swift; path = BoxCollectionView.swift; sourceTree = "<group>"; };
		E9494A6E28F1DF15005285C0 /* UILayer+.swift */ = {isa = PBXFileReference; lastKnownFileType = sourcecode.swift; path = "UILayer+.swift"; sourceTree = "<group>"; };
		E95ACEA128F3161400057900 /* CommonTextFieldView.swift */ = {isa = PBXFileReference; lastKnownFileType = sourcecode.swift; path = CommonTextFieldView.swift; sourceTree = "<group>"; };
		E95ACEA528F332E000057900 /* AgreePhotoView.swift */ = {isa = PBXFileReference; lastKnownFileType = sourcecode.swift; path = AgreePhotoView.swift; sourceTree = "<group>"; };
		E95ACEA728F33BED00057900 /* ReportViewModel.swift */ = {isa = PBXFileReference; lastKnownFileType = sourcecode.swift; path = ReportViewModel.swift; sourceTree = "<group>"; };
		E95ACEAB28F35E2A00057900 /* PhotoCollectionViewCell.swift */ = {isa = PBXFileReference; lastKnownFileType = sourcecode.swift; path = PhotoCollectionViewCell.swift; sourceTree = "<group>"; };
		E95ACEAD28F35E4200057900 /* AddPhotoCollectionViewCell.swift */ = {isa = PBXFileReference; lastKnownFileType = sourcecode.swift; path = AddPhotoCollectionViewCell.swift; sourceTree = "<group>"; };
		E95FBF6528F70FDF002CA5A9 /* LocationManager.swift */ = {isa = PBXFileReference; fileEncoding = 4; lastKnownFileType = sourcecode.swift; path = LocationManager.swift; sourceTree = "<group>"; };
		E95FBF6628F70FDF002CA5A9 /* ImagePickerManager.swift */ = {isa = PBXFileReference; fileEncoding = 4; lastKnownFileType = sourcecode.swift; path = ImagePickerManager.swift; sourceTree = "<group>"; };
		E95FBF6728F70FDF002CA5A9 /* LogUtil.swift */ = {isa = PBXFileReference; fileEncoding = 4; lastKnownFileType = sourcecode.swift; path = LogUtil.swift; sourceTree = "<group>"; };
		E95FBF6B28FC1644002CA5A9 /* Pretendard+.swift */ = {isa = PBXFileReference; lastKnownFileType = sourcecode.swift; path = "Pretendard+.swift"; sourceTree = "<group>"; };
		E96BC91F28EB2988002EBA7E /* SearchMapVC.swift */ = {isa = PBXFileReference; lastKnownFileType = sourcecode.swift; path = SearchMapVC.swift; sourceTree = "<group>"; };
		E96BC92228EB2D66002EBA7E /* BottomAddressView.swift */ = {isa = PBXFileReference; lastKnownFileType = sourcecode.swift; path = BottomAddressView.swift; sourceTree = "<group>"; };
		E96BC92428EB2E7E002EBA7E /* SearchMapViewModel.swift */ = {isa = PBXFileReference; lastKnownFileType = sourcecode.swift; path = SearchMapViewModel.swift; sourceTree = "<group>"; };
		E975ED0528D34A050013E94F /* EightFront.app */ = {isa = PBXFileReference; explicitFileType = wrapper.application; includeInIndex = 0; path = EightFront.app; sourceTree = BUILT_PRODUCTS_DIR; };
		E975ED0828D34A050013E94F /* AppDelegate.swift */ = {isa = PBXFileReference; lastKnownFileType = sourcecode.swift; path = AppDelegate.swift; sourceTree = "<group>"; };
		E975ED0A28D34A050013E94F /* SceneDelegate.swift */ = {isa = PBXFileReference; lastKnownFileType = sourcecode.swift; path = SceneDelegate.swift; sourceTree = "<group>"; };
		E975ED1128D34A060013E94F /* Images.xcassets */ = {isa = PBXFileReference; lastKnownFileType = folder.assetcatalog; path = Images.xcassets; sourceTree = "<group>"; };
		E975ED1428D34A060013E94F /* Base */ = {isa = PBXFileReference; lastKnownFileType = file.storyboard; name = Base; path = Base.lproj/LaunchScreen.storyboard; sourceTree = "<group>"; };
		E975ED1628D34A060013E94F /* Info.plist */ = {isa = PBXFileReference; lastKnownFileType = text.plist.xml; path = Info.plist; sourceTree = "<group>"; };
		E98A04EA28F4185B009F055B /* NSMutableAttributedString+.swift */ = {isa = PBXFileReference; lastKnownFileType = sourcecode.swift; path = "NSMutableAttributedString+.swift"; sourceTree = "<group>"; };
		E98A04ED28F435B7009F055B /* ReportCompletedVC.swift */ = {isa = PBXFileReference; lastKnownFileType = sourcecode.swift; path = ReportCompletedVC.swift; sourceTree = "<group>"; };
		E99929AC28D87A06006FCFC7 /* GoogleService-Info.plist */ = {isa = PBXFileReference; fileEncoding = 4; lastKnownFileType = text.plist.xml; path = "GoogleService-Info.plist"; sourceTree = "<group>"; };
		E99929AE28D88182006FCFC7 /* MainTabbarController.swift */ = {isa = PBXFileReference; lastKnownFileType = sourcecode.swift; path = MainTabbarController.swift; sourceTree = "<group>"; };
		E99929B328D882AD006FCFC7 /* TradeVC.swift */ = {isa = PBXFileReference; lastKnownFileType = sourcecode.swift; path = TradeVC.swift; sourceTree = "<group>"; };
		E99929B528D882B5006FCFC7 /* NoticeVC.swift */ = {isa = PBXFileReference; lastKnownFileType = sourcecode.swift; path = NoticeVC.swift; sourceTree = "<group>"; };
		E99929B728D882BF006FCFC7 /* MyPageVC.swift */ = {isa = PBXFileReference; lastKnownFileType = sourcecode.swift; path = MyPageVC.swift; sourceTree = "<group>"; };
		E99929B928D88F9B006FCFC7 /* DBVersionData.swift */ = {isa = PBXFileReference; lastKnownFileType = sourcecode.swift; path = DBVersionData.swift; sourceTree = "<group>"; };
		E99AC31128E88AA800AF1F84 /* ClothesAPI.swift */ = {isa = PBXFileReference; lastKnownFileType = sourcecode.swift; path = ClothesAPI.swift; sourceTree = "<group>"; };
		E9B074F4291639B300C8D9D2 /* ChoiceView.swift */ = {isa = PBXFileReference; lastKnownFileType = sourcecode.swift; path = ChoiceView.swift; sourceTree = "<group>"; };
		E9BF49AC28D9F45F007BBC3D /* UIView+.swift */ = {isa = PBXFileReference; lastKnownFileType = sourcecode.swift; path = "UIView+.swift"; sourceTree = "<group>"; };
		E9BFC40128E890A500951604 /* ApiResponse.swift */ = {isa = PBXFileReference; lastKnownFileType = sourcecode.swift; path = ApiResponse.swift; sourceTree = "<group>"; };
		E9EA260728D83A250078A069 /* EightFront.entitlements */ = {isa = PBXFileReference; lastKnownFileType = text.plist.entitlements; path = EightFront.entitlements; sourceTree = "<group>"; };
		E9EEA48C29168F500073001F /* CategoryCollectionViewCell.swift */ = {isa = PBXFileReference; lastKnownFileType = sourcecode.swift; path = CategoryCollectionViewCell.swift; sourceTree = "<group>"; };
		E9EEA48E2916955E0073001F /* FilterView.swift */ = {isa = PBXFileReference; lastKnownFileType = sourcecode.swift; path = FilterView.swift; sourceTree = "<group>"; };
		E9EEA49029169C840073001F /* CategoryResponse.swift */ = {isa = PBXFileReference; lastKnownFileType = sourcecode.swift; path = CategoryResponse.swift; sourceTree = "<group>"; };
		E9EEA4922916A2610073001F /* UILabel+.swift */ = {isa = PBXFileReference; lastKnownFileType = sourcecode.swift; path = "UILabel+.swift"; sourceTree = "<group>"; };
		E9EFE7BB290AD7AF00EA514B /* CardDataModel.swift */ = {isa = PBXFileReference; fileEncoding = 4; lastKnownFileType = sourcecode.swift; path = CardDataModel.swift; sourceTree = "<group>"; };
		E9EFE7BC290AD7AF00EA514B /* SwipeCardsDataSource.swift */ = {isa = PBXFileReference; fileEncoding = 4; lastKnownFileType = sourcecode.swift; path = SwipeCardsDataSource.swift; sourceTree = "<group>"; };
		E9EFE7C0290AD7B700EA514B /* StackContainerView.swift */ = {isa = PBXFileReference; fileEncoding = 4; lastKnownFileType = sourcecode.swift; path = StackContainerView.swift; sourceTree = "<group>"; };
		E9EFE7C1290AD7B700EA514B /* SwipeCardView.swift */ = {isa = PBXFileReference; fileEncoding = 4; lastKnownFileType = sourcecode.swift; path = SwipeCardView.swift; sourceTree = "<group>"; };
		E9EFE7C4290AD7E200EA514B /* TradeViewModel.swift */ = {isa = PBXFileReference; fileEncoding = 4; lastKnownFileType = sourcecode.swift; path = TradeViewModel.swift; sourceTree = "<group>"; };
		E9EFE7C6290AD89B00EA514B /* ClothingResponse.swift */ = {isa = PBXFileReference; fileEncoding = 4; lastKnownFileType = sourcecode.swift; path = ClothingResponse.swift; sourceTree = "<group>"; };
/* End PBXFileReference section */

/* Begin PBXFrameworksBuildPhase section */
		E975ED0228D34A050013E94F /* Frameworks */ = {
			isa = PBXFrameworksBuildPhase;
			buildActionMask = 2147483647;
			files = (
				E9EA260428D838880078A069 /* FirebaseMessaging in Frameworks */,
				E927FC7228D34B0600A91F11 /* Kingfisher in Frameworks */,
				E9EA260628D838880078A069 /* FirebaseStorage in Frameworks */,
				E92DA3BD28E95FD10054EFFA /* Toast in Frameworks */,
				E9EA260028D838880078A069 /* FirebaseAuth in Frameworks */,
				E9EA25F728D8243C0078A069 /* SnapKit in Frameworks */,
				E927FCB028D7587300A91F11 /* NMapsMap in Frameworks */,
				E92DA3C028E9601A0054EFFA /* Lottie in Frameworks */,
				E9BFC3F728E88DCB00951604 /* KakaoSDKAuth in Frameworks */,
				E9EA25FE28D838880078A069 /* FirebaseAnalytics in Frameworks */,
				E9BFC3F928E88DCB00951604 /* KakaoSDKUser in Frameworks */,
				E9EA260228D838880078A069 /* FirebaseDatabase in Frameworks */,
				E9BFC3FC28E88DF800951604 /* CombineMoya in Frameworks */,
				E9DFC5EB28DA0E010074D32C /* CombineCocoa in Frameworks */,
				E9460AE328E9DC7D00932351 /* TMapSDK.framework in Frameworks */,
				E9BFC3FE28E88DF800951604 /* Moya in Frameworks */,
				E927FC7528D34B3A00A91F11 /* Then in Frameworks */,
			);
			runOnlyForDeploymentPostprocessing = 0;
		};
/* End PBXFrameworksBuildPhase section */

/* Begin PBXGroup section */
		28379E7E28F718A400B2D4DD /* Auth */ = {
			isa = PBXGroup;
			children = (
				288BFD6A28FAF97B00A85F13 /* Login */,
				288BFD6928FAF97400A85F13 /* Terms */,
				288BFD6B28FAF98A00A85F13 /* SignUp */,
				288BFD6828FAF96600A85F13 /* LoginBottomSheet */,
			);
			path = Auth;
			sourceTree = "<group>";
		};
		288BFD6828FAF96600A85F13 /* LoginBottomSheet */ = {
			isa = PBXGroup;
			children = (
				28379E8028F718A400B2D4DD /* LoginBottomSheetVC.swift */,
				28379E8128F718A400B2D4DD /* LoginBottomSheetViewModel.swift */,
			);
			path = LoginBottomSheet;
			sourceTree = "<group>";
		};
		288BFD6928FAF97400A85F13 /* Terms */ = {
			isa = PBXGroup;
			children = (
				28379E8928F8550400B2D4DD /* TermsVC.swift */,
				288BFD6E28FBC17500A85F13 /* TermsViewModel.swift */,
				289C11AD29017C0000AECF52 /* TermsView.swift */,
			);
			path = Terms;
			sourceTree = "<group>";
		};
		288BFD6A28FAF97B00A85F13 /* Login */ = {
			isa = PBXGroup;
			children = (
				28379E7F28F718A400B2D4DD /* LoginVC.swift */,
				28379E8728F846C300B2D4DD /* LoginViewModel.swift */,
			);
			path = Login;
			sourceTree = "<group>";
		};
		288BFD6B28FAF98A00A85F13 /* SignUp */ = {
			isa = PBXGroup;
			children = (
				288BFD6628FAF86F00A85F13 /* EmailSignUpVC.swift */,
				288BFD6C28FBAEAA00A85F13 /* EmailSignUpViewModel.swift */,
				288BFD7028FBC9C900A85F13 /* EmailSignUpTextFieldView.swift */,
			);
			path = SignUp;
			sourceTree = "<group>";
		};
		E9008D3F291157E700F70B6B /* ClothingBins */ = {
			isa = PBXGroup;
			children = (
				E9008D422911584100F70B6B /* ReportRequest.swift */,
				E9EFE7C6290AD89B00EA514B /* ClothingResponse.swift */,
				E9EEA49029169C840073001F /* CategoryResponse.swift */,
			);
			path = ClothingBins;
			sourceTree = "<group>";
		};
		E9008D402911580100F70B6B /* Common */ = {
			isa = PBXGroup;
			children = (
				E9BFC40128E890A500951604 /* ApiResponse.swift */,
			);
			path = Common;
			sourceTree = "<group>";
		};
		E9008D412911581E00F70B6B /* Auth */ = {
			isa = PBXGroup;
			children = (
				288BFD7628FC43A400A85F13 /* SimpleSignUpRequest.swift */,
			);
			path = Auth;
			sourceTree = "<group>";
		};
		E927FC7728D34DD900A91F11 /* AppDelegate */ = {
			isa = PBXGroup;
			children = (
				E975ED0828D34A050013E94F /* AppDelegate.swift */,
				E975ED0A28D34A050013E94F /* SceneDelegate.swift */,
			);
			path = AppDelegate;
			sourceTree = "<group>";
		};
		E927FC7828D34E0400A91F11 /* Scenes */ = {
			isa = PBXGroup;
			children = (
				E99929AE28D88182006FCFC7 /* MainTabbarController.swift */,
				28379E7E28F718A400B2D4DD /* Auth */,
				E927FC9D28D3525A00A91F11 /* Home */,
				E99929B028D88249006FCFC7 /* Trade */,
				E99929B128D88251006FCFC7 /* Notice */,
				E99929B228D88265006FCFC7 /* MyPage */,
			);
			path = Scenes;
			sourceTree = "<group>";
		};
		E927FC7B28D34E2900A91F11 /* Services */ = {
			isa = PBXGroup;
			children = (
				E927FC7C28D34E5500A91F11 /* Model */,
				E927FC7D28D34E5D00A91F11 /* APIs */,
			);
			path = Services;
			sourceTree = "<group>";
		};
		E927FC7C28D34E5500A91F11 /* Model */ = {
			isa = PBXGroup;
			children = (
				E9008D402911580100F70B6B /* Common */,
				E9008D412911581E00F70B6B /* Auth */,
				E9008D3F291157E700F70B6B /* ClothingBins */,
			);
			path = Model;
			sourceTree = "<group>";
		};
		E927FC7D28D34E5D00A91F11 /* APIs */ = {
			isa = PBXGroup;
			children = (
				E99AC31128E88AA800AF1F84 /* ClothesAPI.swift */,
				288BFD7228FBE79C00A85F13 /* AuthAPI.swift */,
			);
			path = APIs;
			sourceTree = "<group>";
		};
		E927FC7E28D34E6900A91F11 /* SupportFiles */ = {
			isa = PBXGroup;
			children = (
				E927FC8228D34F0700A91F11 /* Common */,
				E927FC7F28D34E8500A91F11 /* Extensions */,
				E975ED1628D34A060013E94F /* Info.plist */,
			);
			path = SupportFiles;
			sourceTree = "<group>";
		};
		E927FC7F28D34E8500A91F11 /* Extensions */ = {
			isa = PBXGroup;
			children = (
				28379E8528F718DE00B2D4DD /* Pretendard+.swift */,
				E927FC9728D351E300A91F11 /* Date+.swift */,
				E9BF49AC28D9F45F007BBC3D /* UIView+.swift */,
				E927FC9928D3523300A91F11 /* Formatter+.swift */,
				2841347C28D9DA0F00A758F2 /* UIWindow+.swift */,
				2841347828D9D93700A758F2 /* UIApplication+.swift */,
				2806474928E86AFF000DED5B /* UIButton+.swift */,
				E9494A6E28F1DF15005285C0 /* UILayer+.swift */,
				28F20CF928E93BA600CEE89D /* UITextField+.swift */,
				E9494A6A28F072E8005285C0 /* UIReusable+.swift */,
				E98A04EA28F4185B009F055B /* NSMutableAttributedString+.swift */,
				E95FBF6B28FC1644002CA5A9 /* Pretendard+.swift */,
				E9EEA4922916A2610073001F /* UILabel+.swift */,
			);
			path = Extensions;
			sourceTree = "<group>";
		};
		E927FC8228D34F0700A91F11 /* Common */ = {
			isa = PBXGroup;
			children = (
				E99929B928D88F9B006FCFC7 /* DBVersionData.swift */,
				E9494A5E28F060A5005285C0 /* CommonNavigationView.swift */,
				E9460B0C28EAC0B100932351 /* CommonNavigationViewController.swift */,
				E95ACEA128F3161400057900 /* CommonTextFieldView.swift */,
			);
			path = Common;
			sourceTree = "<group>";
		};
		E927FC8328D34F5A00A91F11 /* Model */ = {
			isa = PBXGroup;
			children = (
				E9160C1928E3145E007B1307 /* NewSetting.swift */,
				E9160C1728E30A60007B1307 /* DataManager.swift */,
				E9160C1428E2FBC4007B1307 /* DataModel.xcdatamodeld */,
			);
			path = Model;
			sourceTree = "<group>";
		};
		E927FC8428D34F8900A91F11 /* Resources */ = {
			isa = PBXGroup;
			children = (
				E927FC9328D3513300A91F11 /* Splash */,
				E927FC8628D34FC200A91F11 /* Fonts */,
				E927FC8528D34F9B00A91F11 /* Assets */,
				E927FC8928D34FED00A91F11 /* SwiftGen */,
			);
			path = Resources;
			sourceTree = "<group>";
		};
		E927FC8528D34F9B00A91F11 /* Assets */ = {
			isa = PBXGroup;
			children = (
				E975ED1128D34A060013E94F /* Images.xcassets */,
				E927FC8728D34FDA00A91F11 /* Colors.xcassets */,
			);
			path = Assets;
			sourceTree = "<group>";
		};
		E927FC8628D34FC200A91F11 /* Fonts */ = {
			isa = PBXGroup;
			children = (
				E9460AEA28E9DDDA00932351 /* Pretendard-Black.ttf */,
				E9460AE628E9DDDA00932351 /* Pretendard-Bold.ttf */,
				E9460AE828E9DDDA00932351 /* Pretendard-ExtraBold.ttf */,
				E9460AE728E9DDDA00932351 /* Pretendard-ExtraLight.ttf */,
				E9460AED28E9DDDB00932351 /* Pretendard-Light.ttf */,
				E9460AEB28E9DDDB00932351 /* Pretendard-Medium.ttf */,
				E9460AE928E9DDDA00932351 /* Pretendard-Regular.ttf */,
				E9460AEE28E9DDDB00932351 /* Pretendard-SemiBold.ttf */,
				E9460AEC28E9DDDB00932351 /* Pretendard-Thin.ttf */,
			);
			path = Fonts;
			sourceTree = "<group>";
		};
		E927FC8928D34FED00A91F11 /* SwiftGen */ = {
			isa = PBXGroup;
			children = (
				E927FCAC28D7223300A91F11 /* ImageAssets+Generated.swift */,
				E927FCAA28D7217A00A91F11 /* ColorAssets+Generated.swift */,
				E9460AF828E9DE2200932351 /* Fonts+Generated.swift */,
				E927FCA528D71BDD00A91F11 /* swiftgen.yml */,
			);
			path = SwiftGen;
			sourceTree = "<group>";
		};
		E927FC9328D3513300A91F11 /* Splash */ = {
			isa = PBXGroup;
			children = (
				E975ED1328D34A060013E94F /* LaunchScreen.storyboard */,
			);
			path = Splash;
			sourceTree = "<group>";
		};
		E927FC9428D3519700A91F11 /* Utility */ = {
			isa = PBXGroup;
			children = (
				E95FBF6628F70FDF002CA5A9 /* ImagePickerManager.swift */,
				E95FBF6528F70FDF002CA5A9 /* LocationManager.swift */,
				E95FBF6728F70FDF002CA5A9 /* LogUtil.swift */,
			);
			path = Utility;
			sourceTree = "<group>";
		};
		E927FC9D28D3525A00A91F11 /* Home */ = {
			isa = PBXGroup;
			children = (
				E9460B1028EACA8900932351 /* Model */,
				E9460AFA28E9E2D900932351 /* View */,
				E927FC9B28D3525700A91F11 /* HomeVC.swift */,
				E9160C1B28E3177C007B1307 /* HomeViewModel.swift */,
				E9460B0028EA04E600932351 /* Search */,
				E9460B0528EA0B8F00932351 /* Report */,
			);
			path = Home;
			sourceTree = "<group>";
		};
		E92DA3C128E9D7E00054EFFA /* Frameworks */ = {
			isa = PBXGroup;
			children = (
				E9460ADF28E9DC7100932351 /* TMapSDK.framework */,
				E92DA3C228E9D7E00054EFFA /* TMapSDK.framework */,
			);
			name = Frameworks;
			sourceTree = "<group>";
		};
		E9460AFA28E9E2D900932351 /* View */ = {
			isa = PBXGroup;
			children = (
				E9460AFB28E9E3E900932351 /* HomeHeaderView.swift */,
				E9460B0828EAADC300932351 /* HomeAddressView.swift */,
				E9460AFD28E9E51D00932351 /* HomeSearchView.swift */,
				E9460B0E28EAC69300932351 /* NaverMapMarker.swift */,
				E9494A6C28F1C816005285C0 /* BoxCollectionView.swift */,
			);
			path = View;
			sourceTree = "<group>";
		};
		E9460AFF28EA04D300932351 /* Search */ = {
			isa = PBXGroup;
			children = (
				E9494A6028F067B8005285C0 /* SearchBar */,
				E9494A5C28F06079005285C0 /* Map */,
			);
			path = Search;
			sourceTree = "<group>";
		};
		E9460B0028EA04E600932351 /* Search */ = {
			isa = PBXGroup;
			children = (
				E9460B0328EA056E00932351 /* HomeSearchVC.swift */,
			);
			path = Search;
			sourceTree = "<group>";
		};
		E9460B0528EA0B8F00932351 /* Report */ = {
			isa = PBXGroup;
			children = (
				E96BC92128EB2D58002EBA7E /* View */,
				E9460B0628EA0BBF00932351 /* ReportVC.swift */,
				E95ACEA728F33BED00057900 /* ReportViewModel.swift */,
				E9460AFF28EA04D300932351 /* Search */,
				E98A04EC28F435A7009F055B /* Complete */,
			);
			path = Report;
			sourceTree = "<group>";
		};
		E9460B1028EACA8900932351 /* Model */ = {
			isa = PBXGroup;
			children = (
				E9460B1128EACA9900932351 /* CollectionBox.swift */,
			);
			path = Model;
			sourceTree = "<group>";
		};
		E9494A5C28F06079005285C0 /* Map */ = {
			isa = PBXGroup;
			children = (
				E95ACEA028F301F100057900 /* View */,
				E96BC91F28EB2988002EBA7E /* SearchMapVC.swift */,
				E96BC92428EB2E7E002EBA7E /* SearchMapViewModel.swift */,
			);
			path = Map;
			sourceTree = "<group>";
		};
		E9494A6028F067B8005285C0 /* SearchBar */ = {
			isa = PBXGroup;
			children = (
				E9494A6328F06892005285C0 /* Model */,
				E9494A6728F071DD005285C0 /* View */,
				E9494A5A28F05CAB005285C0 /* SearchBarVC.swift */,
				E9494A6128F067DB005285C0 /* SearchBarViewModel.swift */,
			);
			path = SearchBar;
			sourceTree = "<group>";
		};
		E9494A6328F06892005285C0 /* Model */ = {
			isa = PBXGroup;
			children = (
				E9494A6428F068A4005285C0 /* ResponsePOI.swift */,
			);
			path = Model;
			sourceTree = "<group>";
		};
		E9494A6728F071DD005285C0 /* View */ = {
			isa = PBXGroup;
			children = (
				E9494A6828F07203005285C0 /* SearchResultCell.swift */,
			);
			path = View;
			sourceTree = "<group>";
		};
		E95ACEA028F301F100057900 /* View */ = {
			isa = PBXGroup;
			children = (
				E96BC92228EB2D66002EBA7E /* BottomAddressView.swift */,
			);
			path = View;
			sourceTree = "<group>";
		};
		E96BC92128EB2D58002EBA7E /* View */ = {
			isa = PBXGroup;
			children = (
				E95ACEA528F332E000057900 /* AgreePhotoView.swift */,
				E95ACEAB28F35E2A00057900 /* PhotoCollectionViewCell.swift */,
				E95ACEAD28F35E4200057900 /* AddPhotoCollectionViewCell.swift */,
			);
			path = View;
			sourceTree = "<group>";
		};
		E975ECFC28D34A050013E94F = {
			isa = PBXGroup;
			children = (
				E975ED0728D34A050013E94F /* EightFront */,
				E975ED0628D34A050013E94F /* Products */,
				E92DA3C128E9D7E00054EFFA /* Frameworks */,
			);
			sourceTree = "<group>";
		};
		E975ED0628D34A050013E94F /* Products */ = {
			isa = PBXGroup;
			children = (
				E975ED0528D34A050013E94F /* EightFront.app */,
			);
			name = Products;
			sourceTree = "<group>";
		};
		E975ED0728D34A050013E94F /* EightFront */ = {
			isa = PBXGroup;
			children = (
				E9EA260728D83A250078A069 /* EightFront.entitlements */,
				E927FC7728D34DD900A91F11 /* AppDelegate */,
				E927FC9428D3519700A91F11 /* Utility */,
				E927FC7B28D34E2900A91F11 /* Services */,
				E927FC8328D34F5A00A91F11 /* Model */,
				E927FC7828D34E0400A91F11 /* Scenes */,
				E927FC8428D34F8900A91F11 /* Resources */,
				E927FC7E28D34E6900A91F11 /* SupportFiles */,
				E99929AC28D87A06006FCFC7 /* GoogleService-Info.plist */,
			);
			path = EightFront;
			sourceTree = "<group>";
		};
		E98A04EC28F435A7009F055B /* Complete */ = {
			isa = PBXGroup;
			children = (
				E98A04ED28F435B7009F055B /* ReportCompletedVC.swift */,
			);
			path = Complete;
			sourceTree = "<group>";
		};
		E99929B028D88249006FCFC7 /* Trade */ = {
			isa = PBXGroup;
			children = (
				E9EFE7BA290AD7AF00EA514B /* Model */,
				E9EFE7BF290AD7B700EA514B /* View */,
				E9EEA48B29168F3D0073001F /* Cell */,
				E99929B328D882AD006FCFC7 /* TradeVC.swift */,
				E9EFE7C4290AD7E200EA514B /* TradeViewModel.swift */,
			);
			path = Trade;
			sourceTree = "<group>";
		};
		E99929B128D88251006FCFC7 /* Notice */ = {
			isa = PBXGroup;
			children = (
				E99929B528D882B5006FCFC7 /* NoticeVC.swift */,
			);
			path = Notice;
			sourceTree = "<group>";
		};
		E99929B228D88265006FCFC7 /* MyPage */ = {
			isa = PBXGroup;
			children = (
				E99929B728D882BF006FCFC7 /* MyPageVC.swift */,
			);
			path = MyPage;
			sourceTree = "<group>";
		};
		E9EEA48B29168F3D0073001F /* Cell */ = {
			isa = PBXGroup;
			children = (
				E9EEA48C29168F500073001F /* CategoryCollectionViewCell.swift */,
			);
			path = Cell;
			sourceTree = "<group>";
		};
		E9EFE7BA290AD7AF00EA514B /* Model */ = {
			isa = PBXGroup;
			children = (
				E9EFE7BB290AD7AF00EA514B /* CardDataModel.swift */,
				E9EFE7BC290AD7AF00EA514B /* SwipeCardsDataSource.swift */,
			);
			path = Model;
			sourceTree = "<group>";
		};
		E9EFE7BF290AD7B700EA514B /* View */ = {
			isa = PBXGroup;
			children = (
				E9EFE7C0290AD7B700EA514B /* StackContainerView.swift */,
				E9EFE7C1290AD7B700EA514B /* SwipeCardView.swift */,
				E9B074F4291639B300C8D9D2 /* ChoiceView.swift */,
				E9EEA48E2916955E0073001F /* FilterView.swift */,
			);
			path = View;
			sourceTree = "<group>";
		};
/* End PBXGroup section */

/* Begin PBXNativeTarget section */
		E975ED0428D34A050013E94F /* EightFront */ = {
			isa = PBXNativeTarget;
			buildConfigurationList = E975ED1928D34A060013E94F /* Build configuration list for PBXNativeTarget "EightFront" */;
			buildPhases = (
				E975ED0128D34A050013E94F /* Sources */,
				E975ED0228D34A050013E94F /* Frameworks */,
				E975ED0328D34A050013E94F /* Resources */,
				E9460AE528E9DC7E00932351 /* Embed Frameworks */,
			);
			buildRules = (
			);
			dependencies = (
			);
			name = EightFront;
			packageProductDependencies = (
				E927FC7128D34B0600A91F11 /* Kingfisher */,
				E927FC7428D34B3A00A91F11 /* Then */,
				E927FCAF28D7587300A91F11 /* NMapsMap */,
				E9EA25F628D8243C0078A069 /* SnapKit */,
				E9EA25FD28D838880078A069 /* FirebaseAnalytics */,
				E9EA25FF28D838880078A069 /* FirebaseAuth */,
				E9EA260128D838880078A069 /* FirebaseDatabase */,
				E9EA260328D838880078A069 /* FirebaseMessaging */,
				E9EA260528D838880078A069 /* FirebaseStorage */,
				E9DFC5EA28DA0E010074D32C /* CombineCocoa */,
				E9BFC3F628E88DCB00951604 /* KakaoSDKAuth */,
				E9BFC3F828E88DCB00951604 /* KakaoSDKUser */,
				E9BFC3FB28E88DF800951604 /* CombineMoya */,
				E9BFC3FD28E88DF800951604 /* Moya */,
				E92DA3BC28E95FD10054EFFA /* Toast */,
				E92DA3BF28E9601A0054EFFA /* Lottie */,
			);
			productName = EightFront;
			productReference = E975ED0528D34A050013E94F /* EightFront.app */;
			productType = "com.apple.product-type.application";
		};
/* End PBXNativeTarget section */

/* Begin PBXProject section */
		E975ECFD28D34A050013E94F /* Project object */ = {
			isa = PBXProject;
			attributes = {
				BuildIndependentTargetsInParallel = 1;
				LastSwiftUpdateCheck = 1400;
				LastUpgradeCheck = 1400;
				TargetAttributes = {
					E975ED0428D34A050013E94F = {
						CreatedOnToolsVersion = 14.0;
					};
				};
			};
			buildConfigurationList = E975ED0028D34A050013E94F /* Build configuration list for PBXProject "EightFront" */;
			compatibilityVersion = "Xcode 14.0";
			developmentRegion = en;
			hasScannedForEncodings = 0;
			knownRegions = (
				en,
				Base,
			);
			mainGroup = E975ECFC28D34A050013E94F;
			packageReferences = (
				E927FC7028D34B0600A91F11 /* XCRemoteSwiftPackageReference "Kingfisher" */,
				E927FC7328D34B3A00A91F11 /* XCRemoteSwiftPackageReference "Then" */,
				E927FCAE28D7587300A91F11 /* XCRemoteSwiftPackageReference "NMapsMap-SPM" */,
				E9EA25F528D8243C0078A069 /* XCRemoteSwiftPackageReference "SnapKit" */,
				E9EA25FC28D838880078A069 /* XCRemoteSwiftPackageReference "firebase-ios-sdk" */,
				E9DFC5E928DA0E010074D32C /* XCRemoteSwiftPackageReference "CombineCocoa" */,
				E9BFC3F528E88DCB00951604 /* XCRemoteSwiftPackageReference "kakao-ios-sdk" */,
				E9BFC3FA28E88DF800951604 /* XCRemoteSwiftPackageReference "Moya" */,
				E92DA3BB28E95FD10054EFFA /* XCRemoteSwiftPackageReference "Toast-Swift" */,
				E92DA3BE28E9601A0054EFFA /* XCRemoteSwiftPackageReference "lottie-ios" */,
			);
			productRefGroup = E975ED0628D34A050013E94F /* Products */;
			projectDirPath = "";
			projectRoot = "";
			targets = (
				E975ED0428D34A050013E94F /* EightFront */,
			);
		};
/* End PBXProject section */

/* Begin PBXResourcesBuildPhase section */
		E975ED0328D34A050013E94F /* Resources */ = {
			isa = PBXResourcesBuildPhase;
			buildActionMask = 2147483647;
			files = (
				E9460AF528E9DDDB00932351 /* Pretendard-Thin.ttf in Resources */,
				E975ED1528D34A060013E94F /* LaunchScreen.storyboard in Resources */,
				E927FCA628D71BDD00A91F11 /* swiftgen.yml in Resources */,
				E99929AD28D87A06006FCFC7 /* GoogleService-Info.plist in Resources */,
				E9460AF728E9DDDB00932351 /* Pretendard-SemiBold.ttf in Resources */,
				E927FC8828D34FDA00A91F11 /* Colors.xcassets in Resources */,
				E9460AF028E9DDDB00932351 /* Pretendard-ExtraLight.ttf in Resources */,
				E9460AF228E9DDDB00932351 /* Pretendard-Regular.ttf in Resources */,
				E9460AEF28E9DDDB00932351 /* Pretendard-Bold.ttf in Resources */,
				E9460AF628E9DDDB00932351 /* Pretendard-Light.ttf in Resources */,
				E975ED1228D34A060013E94F /* Images.xcassets in Resources */,
				E9460AF428E9DDDB00932351 /* Pretendard-Medium.ttf in Resources */,
				E9460AF128E9DDDB00932351 /* Pretendard-ExtraBold.ttf in Resources */,
				E9460AF328E9DDDB00932351 /* Pretendard-Black.ttf in Resources */,
			);
			runOnlyForDeploymentPostprocessing = 0;
		};
/* End PBXResourcesBuildPhase section */

/* Begin PBXSourcesBuildPhase section */
		E975ED0128D34A050013E94F /* Sources */ = {
			isa = PBXSourcesBuildPhase;
			buildActionMask = 2147483647;
			files = (
				E9160C1A28E3145E007B1307 /* NewSetting.swift in Sources */,
				E927FC9A28D3523300A91F11 /* Formatter+.swift in Sources */,
				E95ACEAE28F35E4200057900 /* AddPhotoCollectionViewCell.swift in Sources */,
				E9EFE7BD290AD7B000EA514B /* CardDataModel.swift in Sources */,
				E99929BA28D88F9B006FCFC7 /* DBVersionData.swift in Sources */,
				E9494A5F28F060A5005285C0 /* CommonNavigationView.swift in Sources */,
				E975ED0928D34A050013E94F /* AppDelegate.swift in Sources */,
				2841347928D9D93700A758F2 /* UIApplication+.swift in Sources */,
				E927FCAB28D7217A00A91F11 /* ColorAssets+Generated.swift in Sources */,
				28379E8A28F8550400B2D4DD /* TermsVC.swift in Sources */,
				288BFD6728FAF86F00A85F13 /* EmailSignUpVC.swift in Sources */,
				E9460AFC28E9E3E900932351 /* HomeHeaderView.swift in Sources */,
				28F20CFA28E93BA600CEE89D /* UITextField+.swift in Sources */,
				E96BC92028EB2988002EBA7E /* SearchMapVC.swift in Sources */,
				E9EEA49129169C840073001F /* CategoryResponse.swift in Sources */,
				28379E8328F718A400B2D4DD /* LoginBottomSheetVC.swift in Sources */,
				E95FBF6928F70FDF002CA5A9 /* ImagePickerManager.swift in Sources */,
				E9494A6B28F072E8005285C0 /* UIReusable+.swift in Sources */,
				288BFD7328FBE79C00A85F13 /* AuthAPI.swift in Sources */,
				E99929B428D882AD006FCFC7 /* TradeVC.swift in Sources */,
				E9008D432911584100F70B6B /* ReportRequest.swift in Sources */,
				2806474A28E86AFF000DED5B /* UIButton+.swift in Sources */,
				E927FC9C28D3525700A91F11 /* HomeVC.swift in Sources */,
				E9EFE7C5290AD7E200EA514B /* TradeViewModel.swift in Sources */,
				E9494A6F28F1DF15005285C0 /* UILayer+.swift in Sources */,
				E9B074F5291639B300C8D9D2 /* ChoiceView.swift in Sources */,
				E95ACEAC28F35E2A00057900 /* PhotoCollectionViewCell.swift in Sources */,
				E9460AF928E9DE2200932351 /* Fonts+Generated.swift in Sources */,
				E99929AF28D88182006FCFC7 /* MainTabbarController.swift in Sources */,
				E9494A5B28F05CAB005285C0 /* SearchBarVC.swift in Sources */,
				E9460B1228EACA9900932351 /* CollectionBox.swift in Sources */,
				288BFD6F28FBC17500A85F13 /* TermsViewModel.swift in Sources */,
				E9494A6528F068A4005285C0 /* ResponsePOI.swift in Sources */,
				E9EFE7C3290AD7B700EA514B /* SwipeCardView.swift in Sources */,
				E95FBF6A28F70FDF002CA5A9 /* LogUtil.swift in Sources */,
				E9460AFE28E9E51D00932351 /* HomeSearchView.swift in Sources */,
				E95ACEA628F332E000057900 /* AgreePhotoView.swift in Sources */,
				289C11AE29017C0000AECF52 /* TermsView.swift in Sources */,
				E95ACEA228F3161400057900 /* CommonTextFieldView.swift in Sources */,
				E95FBF6828F70FDF002CA5A9 /* LocationManager.swift in Sources */,
				E9494A6228F067DB005285C0 /* SearchBarViewModel.swift in Sources */,
				E9BF49AD28D9F45F007BBC3D /* UIView+.swift in Sources */,
				E9BFC40228E890A500951604 /* ApiResponse.swift in Sources */,
				E9460B0428EA056E00932351 /* HomeSearchVC.swift in Sources */,
				28379E8428F718A400B2D4DD /* LoginBottomSheetViewModel.swift in Sources */,
				E9460B0428EA056E00932351 /* HomeSearchVC.swift in Sources */,
				E98A04EB28F4185B009F055B /* NSMutableAttributedString+.swift in Sources */,
				288BFD7128FBC9C900A85F13 /* EmailSignUpTextFieldView.swift in Sources */,
				E9460B0928EAADC300932351 /* HomeAddressView.swift in Sources */,
				E99929B828D882BF006FCFC7 /* MyPageVC.swift in Sources */,
				288BFD6D28FBAEAA00A85F13 /* EmailSignUpViewModel.swift in Sources */,
				E975ED0B28D34A050013E94F /* SceneDelegate.swift in Sources */,
				E99AC31228E88AA800AF1F84 /* ClothesAPI.swift in Sources */,
				E9460B0728EA0BBF00932351 /* ReportVC.swift in Sources */,
				E9EEA4932916A2610073001F /* UILabel+.swift in Sources */,
				E9EFE7C7290AD89B00EA514B /* ClothingResponse.swift in Sources */,
				E99929B628D882B5006FCFC7 /* NoticeVC.swift in Sources */,
				E96BC92528EB2E7E002EBA7E /* SearchMapViewModel.swift in Sources */,
				E927FCAD28D7223300A91F11 /* ImageAssets+Generated.swift in Sources */,
				E9494A6928F07203005285C0 /* SearchResultCell.swift in Sources */,
				E9EEA48F2916955E0073001F /* FilterView.swift in Sources */,
				E9EEA48D29168F500073001F /* CategoryCollectionViewCell.swift in Sources */,
				28379E8828F846C300B2D4DD /* LoginViewModel.swift in Sources */,
				E9EFE7BE290AD7B000EA514B /* SwipeCardsDataSource.swift in Sources */,
				E9494A6D28F1C816005285C0 /* BoxCollectionView.swift in Sources */,
				28379E8628F718DE00B2D4DD /* Pretendard+.swift in Sources */,
				28379E8228F718A400B2D4DD /* LoginVC.swift in Sources */,
				E98A04EE28F435B7009F055B /* ReportCompletedVC.swift in Sources */,
				E9460B0D28EAC0B100932351 /* CommonNavigationViewController.swift in Sources */,
				E9160C1828E30A60007B1307 /* DataManager.swift in Sources */,
				E95ACEA828F33BED00057900 /* ReportViewModel.swift in Sources */,
				E96BC92328EB2D66002EBA7E /* BottomAddressView.swift in Sources */,
				E9160C1C28E3177C007B1307 /* HomeViewModel.swift in Sources */,
				2841347D28D9DA0F00A758F2 /* UIWindow+.swift in Sources */,
				E9160C1628E2FBC4007B1307 /* DataModel.xcdatamodeld in Sources */,
				E927FC9828D351E300A91F11 /* Date+.swift in Sources */,
				E95FBF6C28FC1644002CA5A9 /* Pretendard+.swift in Sources */,
				288BFD7728FC43A400A85F13 /* SimpleSignUpRequest.swift in Sources */,
				288BFD7728FC43A400A85F13 /* SimpleSignUpRequest.swift in Sources */,
				E9460B0F28EAC69300932351 /* NaverMapMarker.swift in Sources */,
				E9EFE7C2290AD7B700EA514B /* StackContainerView.swift in Sources */,
			);
			runOnlyForDeploymentPostprocessing = 0;
		};
/* End PBXSourcesBuildPhase section */

/* Begin PBXVariantGroup section */
		E975ED1328D34A060013E94F /* LaunchScreen.storyboard */ = {
			isa = PBXVariantGroup;
			children = (
				E975ED1428D34A060013E94F /* Base */,
			);
			name = LaunchScreen.storyboard;
			sourceTree = "<group>";
		};
/* End PBXVariantGroup section */

/* Begin XCBuildConfiguration section */
		E975ED1728D34A060013E94F /* Debug */ = {
			isa = XCBuildConfiguration;
			buildSettings = {
				ALWAYS_SEARCH_USER_PATHS = NO;
				CLANG_ANALYZER_NONNULL = YES;
				CLANG_ANALYZER_NUMBER_OBJECT_CONVERSION = YES_AGGRESSIVE;
				CLANG_CXX_LANGUAGE_STANDARD = "gnu++20";
				CLANG_ENABLE_MODULES = YES;
				CLANG_ENABLE_OBJC_ARC = YES;
				CLANG_ENABLE_OBJC_WEAK = YES;
				CLANG_WARN_BLOCK_CAPTURE_AUTORELEASING = YES;
				CLANG_WARN_BOOL_CONVERSION = YES;
				CLANG_WARN_COMMA = YES;
				CLANG_WARN_CONSTANT_CONVERSION = YES;
				CLANG_WARN_DEPRECATED_OBJC_IMPLEMENTATIONS = YES;
				CLANG_WARN_DIRECT_OBJC_ISA_USAGE = YES_ERROR;
				CLANG_WARN_DOCUMENTATION_COMMENTS = YES;
				CLANG_WARN_EMPTY_BODY = YES;
				CLANG_WARN_ENUM_CONVERSION = YES;
				CLANG_WARN_INFINITE_RECURSION = YES;
				CLANG_WARN_INT_CONVERSION = YES;
				CLANG_WARN_NON_LITERAL_NULL_CONVERSION = YES;
				CLANG_WARN_OBJC_IMPLICIT_RETAIN_SELF = YES;
				CLANG_WARN_OBJC_LITERAL_CONVERSION = YES;
				CLANG_WARN_OBJC_ROOT_CLASS = YES_ERROR;
				CLANG_WARN_QUOTED_INCLUDE_IN_FRAMEWORK_HEADER = YES;
				CLANG_WARN_RANGE_LOOP_ANALYSIS = YES;
				CLANG_WARN_STRICT_PROTOTYPES = YES;
				CLANG_WARN_SUSPICIOUS_MOVE = YES;
				CLANG_WARN_UNGUARDED_AVAILABILITY = YES_AGGRESSIVE;
				CLANG_WARN_UNREACHABLE_CODE = YES;
				CLANG_WARN__DUPLICATE_METHOD_MATCH = YES;
				COPY_PHASE_STRIP = NO;
				DEBUG_INFORMATION_FORMAT = dwarf;
				ENABLE_STRICT_OBJC_MSGSEND = YES;
				ENABLE_TESTABILITY = YES;
				GCC_C_LANGUAGE_STANDARD = gnu11;
				GCC_DYNAMIC_NO_PIC = NO;
				GCC_NO_COMMON_BLOCKS = YES;
				GCC_OPTIMIZATION_LEVEL = 0;
				GCC_PREPROCESSOR_DEFINITIONS = (
					"DEBUG=1",
					"$(inherited)",
				);
				GCC_WARN_64_TO_32_BIT_CONVERSION = YES;
				GCC_WARN_ABOUT_RETURN_TYPE = YES_ERROR;
				GCC_WARN_UNDECLARED_SELECTOR = YES;
				GCC_WARN_UNINITIALIZED_AUTOS = YES_AGGRESSIVE;
				GCC_WARN_UNUSED_FUNCTION = YES;
				GCC_WARN_UNUSED_VARIABLE = YES;
				IPHONEOS_DEPLOYMENT_TARGET = 14.0;
				MTL_ENABLE_DEBUG_INFO = INCLUDE_SOURCE;
				MTL_FAST_MATH = YES;
				ONLY_ACTIVE_ARCH = YES;
				SDKROOT = iphoneos;
				SWIFT_ACTIVE_COMPILATION_CONDITIONS = DEBUG;
				SWIFT_OPTIMIZATION_LEVEL = "-Onone";
			};
			name = Debug;
		};
		E975ED1828D34A060013E94F /* Release */ = {
			isa = XCBuildConfiguration;
			buildSettings = {
				ALWAYS_SEARCH_USER_PATHS = NO;
				CLANG_ANALYZER_NONNULL = YES;
				CLANG_ANALYZER_NUMBER_OBJECT_CONVERSION = YES_AGGRESSIVE;
				CLANG_CXX_LANGUAGE_STANDARD = "gnu++20";
				CLANG_ENABLE_MODULES = YES;
				CLANG_ENABLE_OBJC_ARC = YES;
				CLANG_ENABLE_OBJC_WEAK = YES;
				CLANG_WARN_BLOCK_CAPTURE_AUTORELEASING = YES;
				CLANG_WARN_BOOL_CONVERSION = YES;
				CLANG_WARN_COMMA = YES;
				CLANG_WARN_CONSTANT_CONVERSION = YES;
				CLANG_WARN_DEPRECATED_OBJC_IMPLEMENTATIONS = YES;
				CLANG_WARN_DIRECT_OBJC_ISA_USAGE = YES_ERROR;
				CLANG_WARN_DOCUMENTATION_COMMENTS = YES;
				CLANG_WARN_EMPTY_BODY = YES;
				CLANG_WARN_ENUM_CONVERSION = YES;
				CLANG_WARN_INFINITE_RECURSION = YES;
				CLANG_WARN_INT_CONVERSION = YES;
				CLANG_WARN_NON_LITERAL_NULL_CONVERSION = YES;
				CLANG_WARN_OBJC_IMPLICIT_RETAIN_SELF = YES;
				CLANG_WARN_OBJC_LITERAL_CONVERSION = YES;
				CLANG_WARN_OBJC_ROOT_CLASS = YES_ERROR;
				CLANG_WARN_QUOTED_INCLUDE_IN_FRAMEWORK_HEADER = YES;
				CLANG_WARN_RANGE_LOOP_ANALYSIS = YES;
				CLANG_WARN_STRICT_PROTOTYPES = YES;
				CLANG_WARN_SUSPICIOUS_MOVE = YES;
				CLANG_WARN_UNGUARDED_AVAILABILITY = YES_AGGRESSIVE;
				CLANG_WARN_UNREACHABLE_CODE = YES;
				CLANG_WARN__DUPLICATE_METHOD_MATCH = YES;
				COPY_PHASE_STRIP = NO;
				DEBUG_INFORMATION_FORMAT = "dwarf-with-dsym";
				ENABLE_NS_ASSERTIONS = NO;
				ENABLE_STRICT_OBJC_MSGSEND = YES;
				GCC_C_LANGUAGE_STANDARD = gnu11;
				GCC_NO_COMMON_BLOCKS = YES;
				GCC_WARN_64_TO_32_BIT_CONVERSION = YES;
				GCC_WARN_ABOUT_RETURN_TYPE = YES_ERROR;
				GCC_WARN_UNDECLARED_SELECTOR = YES;
				GCC_WARN_UNINITIALIZED_AUTOS = YES_AGGRESSIVE;
				GCC_WARN_UNUSED_FUNCTION = YES;
				GCC_WARN_UNUSED_VARIABLE = YES;
				IPHONEOS_DEPLOYMENT_TARGET = 14.0;
				MTL_ENABLE_DEBUG_INFO = NO;
				MTL_FAST_MATH = YES;
				SDKROOT = iphoneos;
				SWIFT_COMPILATION_MODE = wholemodule;
				SWIFT_OPTIMIZATION_LEVEL = "-O";
				VALIDATE_PRODUCT = YES;
			};
			name = Release;
		};
		E975ED1A28D34A060013E94F /* Debug */ = {
			isa = XCBuildConfiguration;
			buildSettings = {
				ASSETCATALOG_COMPILER_APPICON_NAME = AppIcon;
				ASSETCATALOG_COMPILER_GLOBAL_ACCENT_COLOR_NAME = AccentColor;
				CODE_SIGN_ENTITLEMENTS = EightFront/EightFront.entitlements;
				CODE_SIGN_STYLE = Automatic;
				CURRENT_PROJECT_VERSION = 1;
				DEVELOPMENT_TEAM = XQ24HP64B3;
				FRAMEWORK_SEARCH_PATHS = (
					"$(inherited)",
					"$(PROJECT_DIR)",
					"$(PROJECT_DIR)/EightFront",
				);
				GENERATE_INFOPLIST_FILE = YES;
				INFOPLIST_FILE = EightFront/SupportFiles/Info.plist;
				INFOPLIST_KEY_CFBundleDisplayName = "드랍 더 옷";
				INFOPLIST_KEY_LSApplicationCategoryType = "public.app-category.lifestyle";
				INFOPLIST_KEY_NSCameraUsageDescription = "사용자의 중고 의류 사진을 업로드하기 위해 카메라에 접근하는 것에 동의합니다.";
				INFOPLIST_KEY_NSLocationAlwaysAndWhenInUseUsageDescription = "사용자 인근의 헌 옷 수거함 위치를 빠르게 찾기 위해 위치 정보 제공에 동의합니다.";
				INFOPLIST_KEY_NSLocationWhenInUseUsageDescription = "사용자 인근의 헌 옷 수거함 위치를 빠르게 찾기 위해 위치 정보 제공에 동의합니다.";
				INFOPLIST_KEY_NSPhotoLibraryAddUsageDescription = "사용자의 중고 의류 사진을 업로드하기 위해 사진 앱에 접근하는 것에 동의합니다.";
				INFOPLIST_KEY_NSPhotoLibraryUsageDescription = "사용자의 중고 의류 사진을 업로드하기 위해 사진 앱에 접근하는 것에 동의합니다.";
				INFOPLIST_KEY_UIApplicationSupportsIndirectInputEvents = YES;
				INFOPLIST_KEY_UILaunchStoryboardName = LaunchScreen.storyboard;
				INFOPLIST_KEY_UIStatusBarStyle = UIStatusBarStyleLightContent;
				INFOPLIST_KEY_UISupportedInterfaceOrientations = UIInterfaceOrientationPortrait;
				INFOPLIST_KEY_UISupportedInterfaceOrientations_iPad = UIInterfaceOrientationPortrait;
				INFOPLIST_KEY_UIUserInterfaceStyle = Light;
				IPHONEOS_DEPLOYMENT_TARGET = 14.0;
				LD_RUNPATH_SEARCH_PATHS = (
					"$(inherited)",
					"@executable_path/Frameworks",
				);
				MARKETING_VERSION = 1.0.0;
				PRODUCT_BUNDLE_IDENTIFIER = com.front.eight.bside;
				PRODUCT_NAME = "$(TARGET_NAME)";
				SUPPORTED_PLATFORMS = "iphoneos iphonesimulator";
				SUPPORTS_MACCATALYST = NO;
				SUPPORTS_MAC_DESIGNED_FOR_IPHONE_IPAD = NO;
				SWIFT_EMIT_LOC_STRINGS = YES;
				SWIFT_VERSION = 5.0;
				TARGETED_DEVICE_FAMILY = 1;
				VALIDATE_PRODUCT = NO;
			};
			name = Debug;
		};
		E975ED1B28D34A060013E94F /* Release */ = {
			isa = XCBuildConfiguration;
			buildSettings = {
				ASSETCATALOG_COMPILER_APPICON_NAME = AppIcon;
				ASSETCATALOG_COMPILER_GLOBAL_ACCENT_COLOR_NAME = AccentColor;
				CODE_SIGN_ENTITLEMENTS = EightFront/EightFront.entitlements;
				CODE_SIGN_STYLE = Automatic;
				CURRENT_PROJECT_VERSION = 1;
				DEVELOPMENT_TEAM = XQ24HP64B3;
				FRAMEWORK_SEARCH_PATHS = (
					"$(inherited)",
					"$(PROJECT_DIR)",
					"$(PROJECT_DIR)/EightFront",
				);
				GENERATE_INFOPLIST_FILE = YES;
				INFOPLIST_FILE = EightFront/SupportFiles/Info.plist;
				INFOPLIST_KEY_CFBundleDisplayName = "드랍 더 옷";
				INFOPLIST_KEY_LSApplicationCategoryType = "public.app-category.lifestyle";
				INFOPLIST_KEY_NSCameraUsageDescription = "사용자의 중고 의류 사진을 업로드하기 위해 카메라에 접근하는 것에 동의합니다.";
				INFOPLIST_KEY_NSLocationAlwaysAndWhenInUseUsageDescription = "사용자 인근의 헌 옷 수거함 위치를 빠르게 찾기 위해 위치 정보 제공에 동의합니다.";
				INFOPLIST_KEY_NSLocationWhenInUseUsageDescription = "사용자 인근의 헌 옷 수거함 위치를 빠르게 찾기 위해 위치 정보 제공에 동의합니다.";
				INFOPLIST_KEY_NSPhotoLibraryAddUsageDescription = "사용자의 중고 의류 사진을 업로드하기 위해 사진 앱에 접근하는 것에 동의합니다.";
				INFOPLIST_KEY_NSPhotoLibraryUsageDescription = "사용자의 중고 의류 사진을 업로드하기 위해 사진 앱에 접근하는 것에 동의합니다.";
				INFOPLIST_KEY_UIApplicationSupportsIndirectInputEvents = YES;
				INFOPLIST_KEY_UILaunchStoryboardName = LaunchScreen.storyboard;
				INFOPLIST_KEY_UIStatusBarStyle = UIStatusBarStyleLightContent;
				INFOPLIST_KEY_UISupportedInterfaceOrientations = UIInterfaceOrientationPortrait;
				INFOPLIST_KEY_UISupportedInterfaceOrientations_iPad = UIInterfaceOrientationPortrait;
				INFOPLIST_KEY_UIUserInterfaceStyle = Light;
				IPHONEOS_DEPLOYMENT_TARGET = 14.0;
				LD_RUNPATH_SEARCH_PATHS = (
					"$(inherited)",
					"@executable_path/Frameworks",
				);
				MARKETING_VERSION = 1.0.0;
				PRODUCT_BUNDLE_IDENTIFIER = com.front.eight.bside;
				PRODUCT_NAME = "$(TARGET_NAME)";
				SUPPORTED_PLATFORMS = "iphoneos iphonesimulator";
				SUPPORTS_MACCATALYST = NO;
				SUPPORTS_MAC_DESIGNED_FOR_IPHONE_IPAD = NO;
				SWIFT_EMIT_LOC_STRINGS = YES;
				SWIFT_VERSION = 5.0;
				TARGETED_DEVICE_FAMILY = 1;
				VALIDATE_PRODUCT = YES;
			};
			name = Release;
		};
/* End XCBuildConfiguration section */

/* Begin XCConfigurationList section */
		E975ED0028D34A050013E94F /* Build configuration list for PBXProject "EightFront" */ = {
			isa = XCConfigurationList;
			buildConfigurations = (
				E975ED1728D34A060013E94F /* Debug */,
				E975ED1828D34A060013E94F /* Release */,
			);
			defaultConfigurationIsVisible = 0;
			defaultConfigurationName = Release;
		};
		E975ED1928D34A060013E94F /* Build configuration list for PBXNativeTarget "EightFront" */ = {
			isa = XCConfigurationList;
			buildConfigurations = (
				E975ED1A28D34A060013E94F /* Debug */,
				E975ED1B28D34A060013E94F /* Release */,
			);
			defaultConfigurationIsVisible = 0;
			defaultConfigurationName = Release;
		};
/* End XCConfigurationList section */

/* Begin XCRemoteSwiftPackageReference section */
		E927FC7028D34B0600A91F11 /* XCRemoteSwiftPackageReference "Kingfisher" */ = {
			isa = XCRemoteSwiftPackageReference;
			repositoryURL = "https://github.com/onevcat/Kingfisher.git";
			requirement = {
				kind = upToNextMajorVersion;
				minimumVersion = 7.0.0;
			};
		};
		E927FC7328D34B3A00A91F11 /* XCRemoteSwiftPackageReference "Then" */ = {
			isa = XCRemoteSwiftPackageReference;
			repositoryURL = "https://github.com/devxoul/Then.git";
			requirement = {
				kind = upToNextMajorVersion;
				minimumVersion = 3.0.0;
			};
		};
		E927FCAE28D7587300A91F11 /* XCRemoteSwiftPackageReference "NMapsMap-SPM" */ = {
			isa = XCRemoteSwiftPackageReference;
			repositoryURL = "https://github.com/jaemyeong/NMapsMap-SPM.git";
			requirement = {
				kind = upToNextMajorVersion;
				minimumVersion = 3.16.0;
			};
		};
		E92DA3BB28E95FD10054EFFA /* XCRemoteSwiftPackageReference "Toast-Swift" */ = {
			isa = XCRemoteSwiftPackageReference;
			repositoryURL = "https://github.com/scalessec/Toast-Swift";
			requirement = {
				kind = upToNextMajorVersion;
				minimumVersion = 5.0.0;
			};
		};
		E92DA3BE28E9601A0054EFFA /* XCRemoteSwiftPackageReference "lottie-ios" */ = {
			isa = XCRemoteSwiftPackageReference;
			repositoryURL = "https://github.com/airbnb/lottie-ios";
			requirement = {
				kind = upToNextMajorVersion;
				minimumVersion = 3.0.0;
			};
		};
		E9BFC3F528E88DCB00951604 /* XCRemoteSwiftPackageReference "kakao-ios-sdk" */ = {
			isa = XCRemoteSwiftPackageReference;
			repositoryURL = "https://github.com/kakao/kakao-ios-sdk";
			requirement = {
				branch = master;
				kind = branch;
			};
		};
		E9BFC3FA28E88DF800951604 /* XCRemoteSwiftPackageReference "Moya" */ = {
			isa = XCRemoteSwiftPackageReference;
			repositoryURL = "https://github.com/Moya/Moya.git";
			requirement = {
				kind = upToNextMajorVersion;
				minimumVersion = 15.0.0;
			};
		};
		E9DFC5E928DA0E010074D32C /* XCRemoteSwiftPackageReference "CombineCocoa" */ = {
			isa = XCRemoteSwiftPackageReference;
			repositoryURL = "https://github.com/CombineCommunity/CombineCocoa.git";
			requirement = {
				kind = upToNextMajorVersion;
				minimumVersion = 0.4.0;
			};
		};
		E9EA25F528D8243C0078A069 /* XCRemoteSwiftPackageReference "SnapKit" */ = {
			isa = XCRemoteSwiftPackageReference;
			repositoryURL = "https://github.com/SnapKit/SnapKit.git";
			requirement = {
				kind = upToNextMajorVersion;
				minimumVersion = 5.6.0;
			};
		};
		E9EA25FC28D838880078A069 /* XCRemoteSwiftPackageReference "firebase-ios-sdk" */ = {
			isa = XCRemoteSwiftPackageReference;
			repositoryURL = "https://github.com/firebase/firebase-ios-sdk";
			requirement = {
				kind = upToNextMajorVersion;
				minimumVersion = 9.6.0;
			};
		};
/* End XCRemoteSwiftPackageReference section */

/* Begin XCSwiftPackageProductDependency section */
		E927FC7128D34B0600A91F11 /* Kingfisher */ = {
			isa = XCSwiftPackageProductDependency;
			package = E927FC7028D34B0600A91F11 /* XCRemoteSwiftPackageReference "Kingfisher" */;
			productName = Kingfisher;
		};
		E927FC7428D34B3A00A91F11 /* Then */ = {
			isa = XCSwiftPackageProductDependency;
			package = E927FC7328D34B3A00A91F11 /* XCRemoteSwiftPackageReference "Then" */;
			productName = Then;
		};
		E927FCAF28D7587300A91F11 /* NMapsMap */ = {
			isa = XCSwiftPackageProductDependency;
			package = E927FCAE28D7587300A91F11 /* XCRemoteSwiftPackageReference "NMapsMap-SPM" */;
			productName = NMapsMap;
		};
		E92DA3BC28E95FD10054EFFA /* Toast */ = {
			isa = XCSwiftPackageProductDependency;
			package = E92DA3BB28E95FD10054EFFA /* XCRemoteSwiftPackageReference "Toast-Swift" */;
			productName = Toast;
		};
		E92DA3BF28E9601A0054EFFA /* Lottie */ = {
			isa = XCSwiftPackageProductDependency;
			package = E92DA3BE28E9601A0054EFFA /* XCRemoteSwiftPackageReference "lottie-ios" */;
			productName = Lottie;
		};
		E9BFC3F628E88DCB00951604 /* KakaoSDKAuth */ = {
			isa = XCSwiftPackageProductDependency;
			package = E9BFC3F528E88DCB00951604 /* XCRemoteSwiftPackageReference "kakao-ios-sdk" */;
			productName = KakaoSDKAuth;
		};
		E9BFC3F828E88DCB00951604 /* KakaoSDKUser */ = {
			isa = XCSwiftPackageProductDependency;
			package = E9BFC3F528E88DCB00951604 /* XCRemoteSwiftPackageReference "kakao-ios-sdk" */;
			productName = KakaoSDKUser;
		};
		E9BFC3FB28E88DF800951604 /* CombineMoya */ = {
			isa = XCSwiftPackageProductDependency;
			package = E9BFC3FA28E88DF800951604 /* XCRemoteSwiftPackageReference "Moya" */;
			productName = CombineMoya;
		};
		E9BFC3FD28E88DF800951604 /* Moya */ = {
			isa = XCSwiftPackageProductDependency;
			package = E9BFC3FA28E88DF800951604 /* XCRemoteSwiftPackageReference "Moya" */;
			productName = Moya;
		};
		E9DFC5EA28DA0E010074D32C /* CombineCocoa */ = {
			isa = XCSwiftPackageProductDependency;
			package = E9DFC5E928DA0E010074D32C /* XCRemoteSwiftPackageReference "CombineCocoa" */;
			productName = CombineCocoa;
		};
		E9EA25F628D8243C0078A069 /* SnapKit */ = {
			isa = XCSwiftPackageProductDependency;
			package = E9EA25F528D8243C0078A069 /* XCRemoteSwiftPackageReference "SnapKit" */;
			productName = SnapKit;
		};
		E9EA25FD28D838880078A069 /* FirebaseAnalytics */ = {
			isa = XCSwiftPackageProductDependency;
			package = E9EA25FC28D838880078A069 /* XCRemoteSwiftPackageReference "firebase-ios-sdk" */;
			productName = FirebaseAnalytics;
		};
		E9EA25FF28D838880078A069 /* FirebaseAuth */ = {
			isa = XCSwiftPackageProductDependency;
			package = E9EA25FC28D838880078A069 /* XCRemoteSwiftPackageReference "firebase-ios-sdk" */;
			productName = FirebaseAuth;
		};
		E9EA260128D838880078A069 /* FirebaseDatabase */ = {
			isa = XCSwiftPackageProductDependency;
			package = E9EA25FC28D838880078A069 /* XCRemoteSwiftPackageReference "firebase-ios-sdk" */;
			productName = FirebaseDatabase;
		};
		E9EA260328D838880078A069 /* FirebaseMessaging */ = {
			isa = XCSwiftPackageProductDependency;
			package = E9EA25FC28D838880078A069 /* XCRemoteSwiftPackageReference "firebase-ios-sdk" */;
			productName = FirebaseMessaging;
		};
		E9EA260528D838880078A069 /* FirebaseStorage */ = {
			isa = XCSwiftPackageProductDependency;
			package = E9EA25FC28D838880078A069 /* XCRemoteSwiftPackageReference "firebase-ios-sdk" */;
			productName = FirebaseStorage;
		};
/* End XCSwiftPackageProductDependency section */

/* Begin XCVersionGroup section */
		E9160C1428E2FBC4007B1307 /* DataModel.xcdatamodeld */ = {
			isa = XCVersionGroup;
			children = (
				E9160C1528E2FBC4007B1307 /* DataModel.xcdatamodel */,
			);
			currentVersion = E9160C1528E2FBC4007B1307 /* DataModel.xcdatamodel */;
			path = DataModel.xcdatamodeld;
			sourceTree = "<group>";
			versionGroupType = wrapper.xcdatamodel;
		};
/* End XCVersionGroup section */
	};
	rootObject = E975ECFD28D34A050013E94F /* Project object */;
}
