// !$*UTF8*$!
{
	archiveVersion = 1;
	classes = {
	};
	objectVersion = 56;
	objects = {

/* Begin PBXBuildFile section */
		E927FC7228D34B0600A91F11 /* Kingfisher in Frameworks */ = {isa = PBXBuildFile; productRef = E927FC7128D34B0600A91F11 /* Kingfisher */; };
		E927FC7528D34B3A00A91F11 /* Then in Frameworks */ = {isa = PBXBuildFile; productRef = E927FC7428D34B3A00A91F11 /* Then */; };
		E927FC8828D34FDA00A91F11 /* Colors.xcassets in Resources */ = {isa = PBXBuildFile; fileRef = E927FC8728D34FDA00A91F11 /* Colors.xcassets */; };
		E927FC9628D351BA00A91F11 /* LogUtil.swift in Sources */ = {isa = PBXBuildFile; fileRef = E927FC9528D351BA00A91F11 /* LogUtil.swift */; };
		E927FC9828D351E300A91F11 /* Date+.swift in Sources */ = {isa = PBXBuildFile; fileRef = E927FC9728D351E300A91F11 /* Date+.swift */; };
		E927FC9A28D3523300A91F11 /* Formatter+.swift in Sources */ = {isa = PBXBuildFile; fileRef = E927FC9928D3523300A91F11 /* Formatter+.swift */; };
		E927FC9C28D3525700A91F11 /* MainViewController.swift in Sources */ = {isa = PBXBuildFile; fileRef = E927FC9B28D3525700A91F11 /* MainViewController.swift */; };
		E975ED0928D34A050013E94F /* AppDelegate.swift in Sources */ = {isa = PBXBuildFile; fileRef = E975ED0828D34A050013E94F /* AppDelegate.swift */; };
		E975ED0B28D34A050013E94F /* SceneDelegate.swift in Sources */ = {isa = PBXBuildFile; fileRef = E975ED0A28D34A050013E94F /* SceneDelegate.swift */; };
		E975ED1028D34A050013E94F /* Main.storyboard in Resources */ = {isa = PBXBuildFile; fileRef = E975ED0E28D34A050013E94F /* Main.storyboard */; };
		E975ED1228D34A060013E94F /* Assets.xcassets in Resources */ = {isa = PBXBuildFile; fileRef = E975ED1128D34A060013E94F /* Assets.xcassets */; };
		E975ED1528D34A060013E94F /* LaunchScreen.storyboard in Resources */ = {isa = PBXBuildFile; fileRef = E975ED1328D34A060013E94F /* LaunchScreen.storyboard */; };
/* End PBXBuildFile section */

/* Begin PBXFileReference section */
		E927FC8728D34FDA00A91F11 /* Colors.xcassets */ = {isa = PBXFileReference; lastKnownFileType = folder.assetcatalog; path = Colors.xcassets; sourceTree = "<group>"; };
		E927FC9528D351BA00A91F11 /* LogUtil.swift */ = {isa = PBXFileReference; lastKnownFileType = sourcecode.swift; path = LogUtil.swift; sourceTree = "<group>"; };
		E927FC9728D351E300A91F11 /* Date+.swift */ = {isa = PBXFileReference; lastKnownFileType = sourcecode.swift; path = "Date+.swift"; sourceTree = "<group>"; };
		E927FC9928D3523300A91F11 /* Formatter+.swift */ = {isa = PBXFileReference; lastKnownFileType = sourcecode.swift; path = "Formatter+.swift"; sourceTree = "<group>"; };
		E927FC9B28D3525700A91F11 /* MainViewController.swift */ = {isa = PBXFileReference; lastKnownFileType = sourcecode.swift; path = MainViewController.swift; sourceTree = "<group>"; };
		E975ED0528D34A050013E94F /* EightFront.app */ = {isa = PBXFileReference; explicitFileType = wrapper.application; includeInIndex = 0; path = EightFront.app; sourceTree = BUILT_PRODUCTS_DIR; };
		E975ED0828D34A050013E94F /* AppDelegate.swift */ = {isa = PBXFileReference; lastKnownFileType = sourcecode.swift; path = AppDelegate.swift; sourceTree = "<group>"; };
		E975ED0A28D34A050013E94F /* SceneDelegate.swift */ = {isa = PBXFileReference; lastKnownFileType = sourcecode.swift; path = SceneDelegate.swift; sourceTree = "<group>"; };
		E975ED0F28D34A050013E94F /* Base */ = {isa = PBXFileReference; lastKnownFileType = file.storyboard; name = Base; path = Base.lproj/Main.storyboard; sourceTree = "<group>"; };
		E975ED1128D34A060013E94F /* Assets.xcassets */ = {isa = PBXFileReference; lastKnownFileType = folder.assetcatalog; path = Assets.xcassets; sourceTree = "<group>"; };
		E975ED1428D34A060013E94F /* Base */ = {isa = PBXFileReference; lastKnownFileType = file.storyboard; name = Base; path = Base.lproj/LaunchScreen.storyboard; sourceTree = "<group>"; };
		E975ED1628D34A060013E94F /* Info.plist */ = {isa = PBXFileReference; lastKnownFileType = text.plist.xml; path = Info.plist; sourceTree = "<group>"; };
/* End PBXFileReference section */

/* Begin PBXFrameworksBuildPhase section */
		E975ED0228D34A050013E94F /* Frameworks */ = {
			isa = PBXFrameworksBuildPhase;
			buildActionMask = 2147483647;
			files = (
				E927FC7228D34B0600A91F11 /* Kingfisher in Frameworks */,
				E927FC7528D34B3A00A91F11 /* Then in Frameworks */,
			);
			runOnlyForDeploymentPostprocessing = 0;
		};
/* End PBXFrameworksBuildPhase section */

/* Begin PBXGroup section */
		E927FC7728D34DD900A91F11 /* AppDelegate */ = {
			isa = PBXGroup;
			children = (
				E975ED0828D34A050013E94F /* AppDelegate.swift */,
				E975ED0A28D34A050013E94F /* SceneDelegate.swift */,
			);
			path = AppDelegate;
			sourceTree = "<group>";
		};
		E927FC7828D34E0400A91F11 /* Scenes */ = {
			isa = PBXGroup;
			children = (
				E927FC9D28D3525A00A91F11 /* Main */,
			);
			path = Scenes;
			sourceTree = "<group>";
		};
		E927FC7B28D34E2900A91F11 /* Services */ = {
			isa = PBXGroup;
			children = (
				E927FC7C28D34E5500A91F11 /* Model */,
				E927FC7D28D34E5D00A91F11 /* APIs */,
			);
			path = Services;
			sourceTree = "<group>";
		};
		E927FC7C28D34E5500A91F11 /* Model */ = {
			isa = PBXGroup;
			children = (
			);
			path = Model;
			sourceTree = "<group>";
		};
		E927FC7D28D34E5D00A91F11 /* APIs */ = {
			isa = PBXGroup;
			children = (
			);
			path = APIs;
			sourceTree = "<group>";
		};
		E927FC7E28D34E6900A91F11 /* SupportFiles */ = {
			isa = PBXGroup;
			children = (
				E927FC8228D34F0700A91F11 /* Common */,
				E927FC7F28D34E8500A91F11 /* Extensions */,
				E975ED1628D34A060013E94F /* Info.plist */,
			);
			path = SupportFiles;
			sourceTree = "<group>";
		};
		E927FC7F28D34E8500A91F11 /* Extensions */ = {
			isa = PBXGroup;
			children = (
				E927FC9728D351E300A91F11 /* Date+.swift */,
				E927FC9928D3523300A91F11 /* Formatter+.swift */,
			);
			path = Extensions;
			sourceTree = "<group>";
		};
		E927FC8228D34F0700A91F11 /* Common */ = {
			isa = PBXGroup;
			children = (
			);
			path = Common;
			sourceTree = "<group>";
		};
		E927FC8328D34F5A00A91F11 /* Model */ = {
			isa = PBXGroup;
			children = (
			);
			path = Model;
			sourceTree = "<group>";
		};
		E927FC8428D34F8900A91F11 /* Resources */ = {
			isa = PBXGroup;
			children = (
				E927FC9328D3513300A91F11 /* Splash */,
				E927FC8628D34FC200A91F11 /* Fonts */,
				E927FC8528D34F9B00A91F11 /* Assets */,
				E927FC8928D34FED00A91F11 /* SwiftGen */,
			);
			path = Resources;
			sourceTree = "<group>";
		};
		E927FC8528D34F9B00A91F11 /* Assets */ = {
			isa = PBXGroup;
			children = (
				E975ED1128D34A060013E94F /* Assets.xcassets */,
				E927FC8728D34FDA00A91F11 /* Colors.xcassets */,
			);
			path = Assets;
			sourceTree = "<group>";
		};
		E927FC8628D34FC200A91F11 /* Fonts */ = {
			isa = PBXGroup;
			children = (
			);
			path = Fonts;
			sourceTree = "<group>";
		};
		E927FC8928D34FED00A91F11 /* SwiftGen */ = {
			isa = PBXGroup;
			children = (
			);
			path = SwiftGen;
			sourceTree = "<group>";
		};
		E927FC9328D3513300A91F11 /* Splash */ = {
			isa = PBXGroup;
			children = (
				E975ED0E28D34A050013E94F /* Main.storyboard */,
				E975ED1328D34A060013E94F /* LaunchScreen.storyboard */,
			);
			path = Splash;
			sourceTree = "<group>";
		};
		E927FC9428D3519700A91F11 /* Utility */ = {
			isa = PBXGroup;
			children = (
				E927FC9528D351BA00A91F11 /* LogUtil.swift */,
			);
			path = Utility;
			sourceTree = "<group>";
		};
		E927FC9D28D3525A00A91F11 /* Main */ = {
			isa = PBXGroup;
			children = (
				E927FC9B28D3525700A91F11 /* MainViewController.swift */,
			);
			path = Main;
			sourceTree = "<group>";
		};
		E975ECFC28D34A050013E94F = {
			isa = PBXGroup;
			children = (
				E975ED0728D34A050013E94F /* EightFront */,
				E975ED0628D34A050013E94F /* Products */,
			);
			sourceTree = "<group>";
		};
		E975ED0628D34A050013E94F /* Products */ = {
			isa = PBXGroup;
			children = (
				E975ED0528D34A050013E94F /* EightFront.app */,
			);
			name = Products;
			sourceTree = "<group>";
		};
		E975ED0728D34A050013E94F /* EightFront */ = {
			isa = PBXGroup;
			children = (
				E927FC7728D34DD900A91F11 /* AppDelegate */,
				E927FC9428D3519700A91F11 /* Utility */,
				E927FC7B28D34E2900A91F11 /* Services */,
				E927FC8328D34F5A00A91F11 /* Model */,
				E927FC7828D34E0400A91F11 /* Scenes */,
				E927FC8428D34F8900A91F11 /* Resources */,
				E927FC7E28D34E6900A91F11 /* SupportFiles */,
			);
			path = EightFront;
			sourceTree = "<group>";
		};
/* End PBXGroup section */

/* Begin PBXNativeTarget section */
		E975ED0428D34A050013E94F /* EightFront */ = {
			isa = PBXNativeTarget;
			buildConfigurationList = E975ED1928D34A060013E94F /* Build configuration list for PBXNativeTarget "EightFront" */;
			buildPhases = (
				E975ED0128D34A050013E94F /* Sources */,
				E975ED0228D34A050013E94F /* Frameworks */,
				E975ED0328D34A050013E94F /* Resources */,
			);
			buildRules = (
			);
			dependencies = (
			);
			name = EightFront;
			packageProductDependencies = (
				E927FC7128D34B0600A91F11 /* Kingfisher */,
				E927FC7428D34B3A00A91F11 /* Then */,
			);
			productName = EightFront;
			productReference = E975ED0528D34A050013E94F /* EightFront.app */;
			productType = "com.apple.product-type.application";
		};
/* End PBXNativeTarget section */

/* Begin PBXProject section */
		E975ECFD28D34A050013E94F /* Project object */ = {
			isa = PBXProject;
			attributes = {
				BuildIndependentTargetsInParallel = 1;
				LastSwiftUpdateCheck = 1400;
				LastUpgradeCheck = 1400;
				TargetAttributes = {
					E975ED0428D34A050013E94F = {
						CreatedOnToolsVersion = 14.0;
					};
				};
			};
			buildConfigurationList = E975ED0028D34A050013E94F /* Build configuration list for PBXProject "EightFront" */;
			compatibilityVersion = "Xcode 14.0";
			developmentRegion = en;
			hasScannedForEncodings = 0;
			knownRegions = (
				en,
				Base,
			);
			mainGroup = E975ECFC28D34A050013E94F;
			packageReferences = (
				E927FC6E28D34A9400A91F11 /* XCRemoteSwiftPackageReference "SnapKit" */,
				E927FC6F28D34AD300A91F11 /* XCRemoteSwiftPackageReference "Moya" */,
				E927FC7028D34B0600A91F11 /* XCRemoteSwiftPackageReference "Kingfisher" */,
				E927FC7328D34B3A00A91F11 /* XCRemoteSwiftPackageReference "Then" */,
				E927FC7628D34B9E00A91F11 /* XCRemoteSwiftPackageReference "SwiftGen" */,
			);
			productRefGroup = E975ED0628D34A050013E94F /* Products */;
			projectDirPath = "";
			projectRoot = "";
			targets = (
				E975ED0428D34A050013E94F /* EightFront */,
			);
		};
/* End PBXProject section */

/* Begin PBXResourcesBuildPhase section */
		E975ED0328D34A050013E94F /* Resources */ = {
			isa = PBXResourcesBuildPhase;
			buildActionMask = 2147483647;
			files = (
				E975ED1528D34A060013E94F /* LaunchScreen.storyboard in Resources */,
				E927FC8828D34FDA00A91F11 /* Colors.xcassets in Resources */,
				E975ED1228D34A060013E94F /* Assets.xcassets in Resources */,
				E975ED1028D34A050013E94F /* Main.storyboard in Resources */,
			);
			runOnlyForDeploymentPostprocessing = 0;
		};
/* End PBXResourcesBuildPhase section */

/* Begin PBXSourcesBuildPhase section */
		E975ED0128D34A050013E94F /* Sources */ = {
			isa = PBXSourcesBuildPhase;
			buildActionMask = 2147483647;
			files = (
				E927FC9A28D3523300A91F11 /* Formatter+.swift in Sources */,
				E975ED0928D34A050013E94F /* AppDelegate.swift in Sources */,
				E927FC9628D351BA00A91F11 /* LogUtil.swift in Sources */,
				E927FC9C28D3525700A91F11 /* MainViewController.swift in Sources */,
				E975ED0B28D34A050013E94F /* SceneDelegate.swift in Sources */,
				E927FC9828D351E300A91F11 /* Date+.swift in Sources */,
			);
			runOnlyForDeploymentPostprocessing = 0;
		};
/* End PBXSourcesBuildPhase section */

/* Begin PBXVariantGroup section */
		E975ED0E28D34A050013E94F /* Main.storyboard */ = {
			isa = PBXVariantGroup;
			children = (
				E975ED0F28D34A050013E94F /* Base */,
			);
			name = Main.storyboard;
			sourceTree = "<group>";
		};
		E975ED1328D34A060013E94F /* LaunchScreen.storyboard */ = {
			isa = PBXVariantGroup;
			children = (
				E975ED1428D34A060013E94F /* Base */,
			);
			name = LaunchScreen.storyboard;
			sourceTree = "<group>";
		};
/* End PBXVariantGroup section */

/* Begin XCBuildConfiguration section */
		E975ED1728D34A060013E94F /* Debug */ = {
			isa = XCBuildConfiguration;
			buildSettings = {
				ALWAYS_SEARCH_USER_PATHS = NO;
				CLANG_ANALYZER_NONNULL = YES;
				CLANG_ANALYZER_NUMBER_OBJECT_CONVERSION = YES_AGGRESSIVE;
				CLANG_CXX_LANGUAGE_STANDARD = "gnu++20";
				CLANG_ENABLE_MODULES = YES;
				CLANG_ENABLE_OBJC_ARC = YES;
				CLANG_ENABLE_OBJC_WEAK = YES;
				CLANG_WARN_BLOCK_CAPTURE_AUTORELEASING = YES;
				CLANG_WARN_BOOL_CONVERSION = YES;
				CLANG_WARN_COMMA = YES;
				CLANG_WARN_CONSTANT_CONVERSION = YES;
				CLANG_WARN_DEPRECATED_OBJC_IMPLEMENTATIONS = YES;
				CLANG_WARN_DIRECT_OBJC_ISA_USAGE = YES_ERROR;
				CLANG_WARN_DOCUMENTATION_COMMENTS = YES;
				CLANG_WARN_EMPTY_BODY = YES;
				CLANG_WARN_ENUM_CONVERSION = YES;
				CLANG_WARN_INFINITE_RECURSION = YES;
				CLANG_WARN_INT_CONVERSION = YES;
				CLANG_WARN_NON_LITERAL_NULL_CONVERSION = YES;
				CLANG_WARN_OBJC_IMPLICIT_RETAIN_SELF = YES;
				CLANG_WARN_OBJC_LITERAL_CONVERSION = YES;
				CLANG_WARN_OBJC_ROOT_CLASS = YES_ERROR;
				CLANG_WARN_QUOTED_INCLUDE_IN_FRAMEWORK_HEADER = YES;
				CLANG_WARN_RANGE_LOOP_ANALYSIS = YES;
				CLANG_WARN_STRICT_PROTOTYPES = YES;
				CLANG_WARN_SUSPICIOUS_MOVE = YES;
				CLANG_WARN_UNGUARDED_AVAILABILITY = YES_AGGRESSIVE;
				CLANG_WARN_UNREACHABLE_CODE = YES;
				CLANG_WARN__DUPLICATE_METHOD_MATCH = YES;
				COPY_PHASE_STRIP = NO;
				DEBUG_INFORMATION_FORMAT = dwarf;
				ENABLE_STRICT_OBJC_MSGSEND = YES;
				ENABLE_TESTABILITY = YES;
				GCC_C_LANGUAGE_STANDARD = gnu11;
				GCC_DYNAMIC_NO_PIC = NO;
				GCC_NO_COMMON_BLOCKS = YES;
				GCC_OPTIMIZATION_LEVEL = 0;
				GCC_PREPROCESSOR_DEFINITIONS = (
					"DEBUG=1",
					"$(inherited)",
				);
				GCC_WARN_64_TO_32_BIT_CONVERSION = YES;
				GCC_WARN_ABOUT_RETURN_TYPE = YES_ERROR;
				GCC_WARN_UNDECLARED_SELECTOR = YES;
				GCC_WARN_UNINITIALIZED_AUTOS = YES_AGGRESSIVE;
				GCC_WARN_UNUSED_FUNCTION = YES;
				GCC_WARN_UNUSED_VARIABLE = YES;
				IPHONEOS_DEPLOYMENT_TARGET = 16.0;
				MTL_ENABLE_DEBUG_INFO = INCLUDE_SOURCE;
				MTL_FAST_MATH = YES;
				ONLY_ACTIVE_ARCH = YES;
				SDKROOT = iphoneos;
				SWIFT_ACTIVE_COMPILATION_CONDITIONS = DEBUG;
				SWIFT_OPTIMIZATION_LEVEL = "-Onone";
			};
			name = Debug;
		};
		E975ED1828D34A060013E94F /* Release */ = {
			isa = XCBuildConfiguration;
			buildSettings = {
				ALWAYS_SEARCH_USER_PATHS = NO;
				CLANG_ANALYZER_NONNULL = YES;
				CLANG_ANALYZER_NUMBER_OBJECT_CONVERSION = YES_AGGRESSIVE;
				CLANG_CXX_LANGUAGE_STANDARD = "gnu++20";
				CLANG_ENABLE_MODULES = YES;
				CLANG_ENABLE_OBJC_ARC = YES;
				CLANG_ENABLE_OBJC_WEAK = YES;
				CLANG_WARN_BLOCK_CAPTURE_AUTORELEASING = YES;
				CLANG_WARN_BOOL_CONVERSION = YES;
				CLANG_WARN_COMMA = YES;
				CLANG_WARN_CONSTANT_CONVERSION = YES;
				CLANG_WARN_DEPRECATED_OBJC_IMPLEMENTATIONS = YES;
				CLANG_WARN_DIRECT_OBJC_ISA_USAGE = YES_ERROR;
				CLANG_WARN_DOCUMENTATION_COMMENTS = YES;
				CLANG_WARN_EMPTY_BODY = YES;
				CLANG_WARN_ENUM_CONVERSION = YES;
				CLANG_WARN_INFINITE_RECURSION = YES;
				CLANG_WARN_INT_CONVERSION = YES;
				CLANG_WARN_NON_LITERAL_NULL_CONVERSION = YES;
				CLANG_WARN_OBJC_IMPLICIT_RETAIN_SELF = YES;
				CLANG_WARN_OBJC_LITERAL_CONVERSION = YES;
				CLANG_WARN_OBJC_ROOT_CLASS = YES_ERROR;
				CLANG_WARN_QUOTED_INCLUDE_IN_FRAMEWORK_HEADER = YES;
				CLANG_WARN_RANGE_LOOP_ANALYSIS = YES;
				CLANG_WARN_STRICT_PROTOTYPES = YES;
				CLANG_WARN_SUSPICIOUS_MOVE = YES;
				CLANG_WARN_UNGUARDED_AVAILABILITY = YES_AGGRESSIVE;
				CLANG_WARN_UNREACHABLE_CODE = YES;
				CLANG_WARN__DUPLICATE_METHOD_MATCH = YES;
				COPY_PHASE_STRIP = NO;
				DEBUG_INFORMATION_FORMAT = "dwarf-with-dsym";
				ENABLE_NS_ASSERTIONS = NO;
				ENABLE_STRICT_OBJC_MSGSEND = YES;
				GCC_C_LANGUAGE_STANDARD = gnu11;
				GCC_NO_COMMON_BLOCKS = YES;
				GCC_WARN_64_TO_32_BIT_CONVERSION = YES;
				GCC_WARN_ABOUT_RETURN_TYPE = YES_ERROR;
				GCC_WARN_UNDECLARED_SELECTOR = YES;
				GCC_WARN_UNINITIALIZED_AUTOS = YES_AGGRESSIVE;
				GCC_WARN_UNUSED_FUNCTION = YES;
				GCC_WARN_UNUSED_VARIABLE = YES;
				IPHONEOS_DEPLOYMENT_TARGET = 16.0;
				MTL_ENABLE_DEBUG_INFO = NO;
				MTL_FAST_MATH = YES;
				SDKROOT = iphoneos;
				SWIFT_COMPILATION_MODE = wholemodule;
				SWIFT_OPTIMIZATION_LEVEL = "-O";
				VALIDATE_PRODUCT = YES;
			};
			name = Release;
		};
		E975ED1A28D34A060013E94F /* Debug */ = {
			isa = XCBuildConfiguration;
			buildSettings = {
				ASSETCATALOG_COMPILER_APPICON_NAME = AppIcon;
				ASSETCATALOG_COMPILER_GLOBAL_ACCENT_COLOR_NAME = AccentColor;
				CODE_SIGN_STYLE = Automatic;
				CURRENT_PROJECT_VERSION = 1;
				DEVELOPMENT_TEAM = 3ZS2532XM8;
				GENERATE_INFOPLIST_FILE = YES;
				INFOPLIST_FILE = EightFront/SupportFiles/Info.plist;
				INFOPLIST_KEY_UIApplicationSupportsIndirectInputEvents = YES;
				INFOPLIST_KEY_UILaunchStoryboardName = LaunchScreen;
				INFOPLIST_KEY_UIMainStoryboardFile = Main;
				INFOPLIST_KEY_UISupportedInterfaceOrientations = UIInterfaceOrientationPortrait;
				INFOPLIST_KEY_UISupportedInterfaceOrientations_iPad = "UIInterfaceOrientationLandscapeLeft UIInterfaceOrientationLandscapeRight UIInterfaceOrientationPortrait UIInterfaceOrientationPortraitUpsideDown";
				IPHONEOS_DEPLOYMENT_TARGET = 14.0;
				LD_RUNPATH_SEARCH_PATHS = (
					"$(inherited)",
					"@executable_path/Frameworks",
				);
				MARKETING_VERSION = 1.0;
				PRODUCT_BUNDLE_IDENTIFIER = com.wargi.EightFront;
				PRODUCT_NAME = "$(TARGET_NAME)";
				SUPPORTED_PLATFORMS = "iphoneos iphonesimulator";
				SUPPORTS_MACCATALYST = NO;
				SUPPORTS_MAC_DESIGNED_FOR_IPHONE_IPAD = NO;
				SWIFT_EMIT_LOC_STRINGS = YES;
				SWIFT_VERSION = 5.0;
				TARGETED_DEVICE_FAMILY = 1;
			};
			name = Debug;
		};
		E975ED1B28D34A060013E94F /* Release */ = {
			isa = XCBuildConfiguration;
			buildSettings = {
				ASSETCATALOG_COMPILER_APPICON_NAME = AppIcon;
				ASSETCATALOG_COMPILER_GLOBAL_ACCENT_COLOR_NAME = AccentColor;
				CODE_SIGN_STYLE = Automatic;
				CURRENT_PROJECT_VERSION = 1;
				DEVELOPMENT_TEAM = 3ZS2532XM8;
				GENERATE_INFOPLIST_FILE = YES;
				INFOPLIST_FILE = EightFront/SupportFiles/Info.plist;
				INFOPLIST_KEY_UIApplicationSupportsIndirectInputEvents = YES;
				INFOPLIST_KEY_UILaunchStoryboardName = LaunchScreen;
				INFOPLIST_KEY_UIMainStoryboardFile = Main;
				INFOPLIST_KEY_UISupportedInterfaceOrientations = UIInterfaceOrientationPortrait;
				INFOPLIST_KEY_UISupportedInterfaceOrientations_iPad = "UIInterfaceOrientationLandscapeLeft UIInterfaceOrientationLandscapeRight UIInterfaceOrientationPortrait UIInterfaceOrientationPortraitUpsideDown";
				IPHONEOS_DEPLOYMENT_TARGET = 14.0;
				LD_RUNPATH_SEARCH_PATHS = (
					"$(inherited)",
					"@executable_path/Frameworks",
				);
				MARKETING_VERSION = 1.0;
				PRODUCT_BUNDLE_IDENTIFIER = com.wargi.EightFront;
				PRODUCT_NAME = "$(TARGET_NAME)";
				SUPPORTED_PLATFORMS = "iphoneos iphonesimulator";
				SUPPORTS_MACCATALYST = NO;
				SUPPORTS_MAC_DESIGNED_FOR_IPHONE_IPAD = NO;
				SWIFT_EMIT_LOC_STRINGS = YES;
				SWIFT_VERSION = 5.0;
				TARGETED_DEVICE_FAMILY = 1;
			};
			name = Release;
		};
/* End XCBuildConfiguration section */

/* Begin XCConfigurationList section */
		E975ED0028D34A050013E94F /* Build configuration list for PBXProject "EightFront" */ = {
			isa = XCConfigurationList;
			buildConfigurations = (
				E975ED1728D34A060013E94F /* Debug */,
				E975ED1828D34A060013E94F /* Release */,
			);
			defaultConfigurationIsVisible = 0;
			defaultConfigurationName = Release;
		};
		E975ED1928D34A060013E94F /* Build configuration list for PBXNativeTarget "EightFront" */ = {
			isa = XCConfigurationList;
			buildConfigurations = (
				E975ED1A28D34A060013E94F /* Debug */,
				E975ED1B28D34A060013E94F /* Release */,
			);
			defaultConfigurationIsVisible = 0;
			defaultConfigurationName = Release;
		};
/* End XCConfigurationList section */

/* Begin XCRemoteSwiftPackageReference section */
		E927FC6E28D34A9400A91F11 /* XCRemoteSwiftPackageReference "SnapKit" */ = {
			isa = XCRemoteSwiftPackageReference;
			repositoryURL = "https://github.com/SnapKit/SnapKit.git";
			requirement = {
				kind = upToNextMajorVersion;
				minimumVersion = 5.0.0;
			};
		};
		E927FC6F28D34AD300A91F11 /* XCRemoteSwiftPackageReference "Moya" */ = {
			isa = XCRemoteSwiftPackageReference;
			repositoryURL = "https://github.com/Moya/Moya.git";
			requirement = {
				kind = upToNextMajorVersion;
				minimumVersion = 13.0.0;
			};
		};
		E927FC7028D34B0600A91F11 /* XCRemoteSwiftPackageReference "Kingfisher" */ = {
			isa = XCRemoteSwiftPackageReference;
			repositoryURL = "https://github.com/onevcat/Kingfisher.git";
			requirement = {
				kind = upToNextMajorVersion;
				minimumVersion = 7.0.0;
			};
		};
		E927FC7328D34B3A00A91F11 /* XCRemoteSwiftPackageReference "Then" */ = {
			isa = XCRemoteSwiftPackageReference;
			repositoryURL = "https://github.com/devxoul/Then.git";
			requirement = {
				kind = upToNextMajorVersion;
				minimumVersion = 3.0.0;
			};
		};
		E927FC7628D34B9E00A91F11 /* XCRemoteSwiftPackageReference "SwiftGen" */ = {
			isa = XCRemoteSwiftPackageReference;
			repositoryURL = "https://github.com/SwiftGen/SwiftGen.git";
			requirement = {
				kind = upToNextMajorVersion;
				minimumVersion = 6.0.0;
			};
		};
/* End XCRemoteSwiftPackageReference section */

/* Begin XCSwiftPackageProductDependency section */
		E927FC7128D34B0600A91F11 /* Kingfisher */ = {
			isa = XCSwiftPackageProductDependency;
			package = E927FC7028D34B0600A91F11 /* XCRemoteSwiftPackageReference "Kingfisher" */;
			productName = Kingfisher;
		};
		E927FC7428D34B3A00A91F11 /* Then */ = {
			isa = XCSwiftPackageProductDependency;
			package = E927FC7328D34B3A00A91F11 /* XCRemoteSwiftPackageReference "Then" */;
			productName = Then;
		};
/* End XCSwiftPackageProductDependency section */
	};
	rootObject = E975ECFD28D34A050013E94F /* Project object */;
}
